// !$*UTF8*$!
{
	archiveVersion = 1;
	classes = {
	};
	objectVersion = 55;
	objects = {

/* Begin PBXBuildFile section */
		F460014B2884DDE200D4B1F2 /* AppDelegate.swift in Sources */ = {isa = PBXBuildFile; fileRef = F460014A2884DDE200D4B1F2 /* AppDelegate.swift */; };
		F460014D2884DDE200D4B1F2 /* SceneDelegate.swift in Sources */ = {isa = PBXBuildFile; fileRef = F460014C2884DDE200D4B1F2 /* SceneDelegate.swift */; };
		F460014F2884DDE200D4B1F2 /* ViewController.swift in Sources */ = {isa = PBXBuildFile; fileRef = F460014E2884DDE200D4B1F2 /* ViewController.swift */; };
		F46001522884DDE200D4B1F2 /* Main.storyboard in Resources */ = {isa = PBXBuildFile; fileRef = F46001502884DDE200D4B1F2 /* Main.storyboard */; };
		F46001542884DDE400D4B1F2 /* Assets.xcassets in Resources */ = {isa = PBXBuildFile; fileRef = F46001532884DDE400D4B1F2 /* Assets.xcassets */; };
		F46001572884DDE400D4B1F2 /* LaunchScreen.storyboard in Resources */ = {isa = PBXBuildFile; fileRef = F46001552884DDE400D4B1F2 /* LaunchScreen.storyboard */; };
		F460015F2884F11500D4B1F2 /* Home.storyboard in Resources */ = {isa = PBXBuildFile; fileRef = F460015E2884F11500D4B1F2 /* Home.storyboard */; };
		F46001612884FE4200D4B1F2 /* HomeTableViewController.swift in Sources */ = {isa = PBXBuildFile; fileRef = F46001602884FE4200D4B1F2 /* HomeTableViewController.swift */; };
		F49CCC2828853A5D00C1C5C8 /* SettingTableViewController.swift in Sources */ = {isa = PBXBuildFile; fileRef = F49CCC2728853A5D00C1C5C8 /* SettingTableViewController.swift */; };
		F4CC13C128852C880034EDA7 /* Setting.storyboard in Resources */ = {isa = PBXBuildFile; fileRef = F4CC13C028852C880034EDA7 /* Setting.storyboard */; };
/* End PBXBuildFile section */

/* Begin PBXFileReference section */
		F46001472884DDE200D4B1F2 /* TrendMedia.app */ = {isa = PBXFileReference; explicitFileType = wrapper.application; includeInIndex = 0; path = TrendMedia.app; sourceTree = BUILT_PRODUCTS_DIR; };
		F460014A2884DDE200D4B1F2 /* AppDelegate.swift */ = {isa = PBXFileReference; lastKnownFileType = sourcecode.swift; path = AppDelegate.swift; sourceTree = "<group>"; };
		F460014C2884DDE200D4B1F2 /* SceneDelegate.swift */ = {isa = PBXFileReference; lastKnownFileType = sourcecode.swift; path = SceneDelegate.swift; sourceTree = "<group>"; };
		F460014E2884DDE200D4B1F2 /* ViewController.swift */ = {isa = PBXFileReference; lastKnownFileType = sourcecode.swift; path = ViewController.swift; sourceTree = "<group>"; };
		F46001512884DDE200D4B1F2 /* Base */ = {isa = PBXFileReference; lastKnownFileType = file.storyboard; name = Base; path = Base.lproj/Main.storyboard; sourceTree = "<group>"; };
		F46001532884DDE400D4B1F2 /* Assets.xcassets */ = {isa = PBXFileReference; lastKnownFileType = folder.assetcatalog; path = Assets.xcassets; sourceTree = "<group>"; };
		F46001562884DDE400D4B1F2 /* Base */ = {isa = PBXFileReference; lastKnownFileType = file.storyboard; name = Base; path = Base.lproj/LaunchScreen.storyboard; sourceTree = "<group>"; };
		F46001582884DDE400D4B1F2 /* Info.plist */ = {isa = PBXFileReference; lastKnownFileType = text.plist.xml; path = Info.plist; sourceTree = "<group>"; };
		F460015E2884F11500D4B1F2 /* Home.storyboard */ = {isa = PBXFileReference; lastKnownFileType = file.storyboard; path = Home.storyboard; sourceTree = "<group>"; };
		F46001602884FE4200D4B1F2 /* HomeTableViewController.swift */ = {isa = PBXFileReference; lastKnownFileType = sourcecode.swift; path = HomeTableViewController.swift; sourceTree = "<group>"; };
		F49CCC2728853A5D00C1C5C8 /* SettingTableViewController.swift */ = {isa = PBXFileReference; lastKnownFileType = sourcecode.swift; name = SettingTableViewController.swift; path = TrendMedia/ViewControllers/SettingTableViewController.swift; sourceTree = SOURCE_ROOT; };
		F4CC13C028852C880034EDA7 /* Setting.storyboard */ = {isa = PBXFileReference; lastKnownFileType = file.storyboard; path = Setting.storyboard; sourceTree = "<group>"; };
/* End PBXFileReference section */

/* Begin PBXFrameworksBuildPhase section */
		F46001442884DDE200D4B1F2 /* Frameworks */ = {
			isa = PBXFrameworksBuildPhase;
			buildActionMask = 2147483647;
			files = (
			);
			runOnlyForDeploymentPostprocessing = 0;
		};
/* End PBXFrameworksBuildPhase section */

/* Begin PBXGroup section */
		F460013E2884DDE200D4B1F2 = {
			isa = PBXGroup;
			children = (
				F46001492884DDE200D4B1F2 /* TrendMedia */,
				F46001482884DDE200D4B1F2 /* Products */,
			);
			sourceTree = "<group>";
		};
		F46001482884DDE200D4B1F2 /* Products */ = {
			isa = PBXGroup;
			children = (
				F46001472884DDE200D4B1F2 /* TrendMedia.app */,
			);
			name = Products;
			sourceTree = "<group>";
		};
		F46001492884DDE200D4B1F2 /* TrendMedia */ = {
			isa = PBXGroup;
			children = (
				F46001652885270A00D4B1F2 /* Applications */,
				F4600164288526F700D4B1F2 /* Storyboards */,
				F46001662885271800D4B1F2 /* ViewControllers */,
				F46001532884DDE400D4B1F2 /* Assets.xcassets */,
				F46001552884DDE400D4B1F2 /* LaunchScreen.storyboard */,
				F46001582884DDE400D4B1F2 /* Info.plist */,
			);
			path = TrendMedia;
			sourceTree = "<group>";
		};
		F4600164288526F700D4B1F2 /* Storyboards */ = {
			isa = PBXGroup;
			children = (
				F46001502884DDE200D4B1F2 /* Main.storyboard */,
				F460015E2884F11500D4B1F2 /* Home.storyboard */,
				F4CC13C028852C880034EDA7 /* Setting.storyboard */,
			);
			path = Storyboards;
			sourceTree = "<group>";
		};
		F46001652885270A00D4B1F2 /* Applications */ = {
			isa = PBXGroup;
			children = (
				F460014A2884DDE200D4B1F2 /* AppDelegate.swift */,
				F460014C2884DDE200D4B1F2 /* SceneDelegate.swift */,
			);
			path = Applications;
			sourceTree = "<group>";
		};
		F46001662885271800D4B1F2 /* ViewControllers */ = {
			isa = PBXGroup;
			children = (
				F460014E2884DDE200D4B1F2 /* ViewController.swift */,
				F46001602884FE4200D4B1F2 /* HomeTableViewController.swift */,
				F49CCC2728853A5D00C1C5C8 /* SettingTableViewController.swift */,
			);
			path = ViewControllers;
			sourceTree = "<group>";
		};
/* End PBXGroup section */

/* Begin PBXNativeTarget section */
		F46001462884DDE200D4B1F2 /* TrendMedia */ = {
			isa = PBXNativeTarget;
			buildConfigurationList = F460015B2884DDE400D4B1F2 /* Build configuration list for PBXNativeTarget "TrendMedia" */;
			buildPhases = (
				F46001432884DDE200D4B1F2 /* Sources */,
				F46001442884DDE200D4B1F2 /* Frameworks */,
				F46001452884DDE200D4B1F2 /* Resources */,
			);
			buildRules = (
			);
			dependencies = (
			);
			name = TrendMedia;
			productName = SeSAC3TrendMedia;
			productReference = F46001472884DDE200D4B1F2 /* TrendMedia.app */;
			productType = "com.apple.product-type.application";
		};
/* End PBXNativeTarget section */

/* Begin PBXProject section */
		F460013F2884DDE200D4B1F2 /* Project object */ = {
			isa = PBXProject;
			attributes = {
				BuildIndependentTargetsInParallel = 1;
				LastSwiftUpdateCheck = 1340;
				LastUpgradeCheck = 1340;
				TargetAttributes = {
					F46001462884DDE200D4B1F2 = {
						CreatedOnToolsVersion = 13.4.1;
					};
				};
			};
			buildConfigurationList = F46001422884DDE200D4B1F2 /* Build configuration list for PBXProject "TrendMedia" */;
			compatibilityVersion = "Xcode 13.0";
			developmentRegion = en;
			hasScannedForEncodings = 0;
			knownRegions = (
				en,
				Base,
			);
			mainGroup = F460013E2884DDE200D4B1F2;
			productRefGroup = F46001482884DDE200D4B1F2 /* Products */;
			projectDirPath = "";
			projectRoot = "";
			targets = (
				F46001462884DDE200D4B1F2 /* TrendMedia */,
			);
		};
/* End PBXProject section */

/* Begin PBXResourcesBuildPhase section */
		F46001452884DDE200D4B1F2 /* Resources */ = {
			isa = PBXResourcesBuildPhase;
			buildActionMask = 2147483647;
			files = (
				F46001572884DDE400D4B1F2 /* LaunchScreen.storyboard in Resources */,
				F46001542884DDE400D4B1F2 /* Assets.xcassets in Resources */,
				F46001522884DDE200D4B1F2 /* Main.storyboard in Resources */,
				F460015F2884F11500D4B1F2 /* Home.storyboard in Resources */,
				F4CC13C128852C880034EDA7 /* Setting.storyboard in Resources */,
			);
			runOnlyForDeploymentPostprocessing = 0;
		};
/* End PBXResourcesBuildPhase section */

/* Begin PBXSourcesBuildPhase section */
		F46001432884DDE200D4B1F2 /* Sources */ = {
			isa = PBXSourcesBuildPhase;
			buildActionMask = 2147483647;
			files = (
				F46001612884FE4200D4B1F2 /* HomeTableViewController.swift in Sources */,
				F460014F2884DDE200D4B1F2 /* ViewController.swift in Sources */,
				F460014B2884DDE200D4B1F2 /* AppDelegate.swift in Sources */,
				F460014D2884DDE200D4B1F2 /* SceneDelegate.swift in Sources */,
				F49CCC2828853A5D00C1C5C8 /* SettingTableViewController.swift in Sources */,
			);
			runOnlyForDeploymentPostprocessing = 0;
		};
/* End PBXSourcesBuildPhase section */

/* Begin PBXVariantGroup section */
		F46001502884DDE200D4B1F2 /* Main.storyboard */ = {
			isa = PBXVariantGroup;
			children = (
				F46001512884DDE200D4B1F2 /* Base */,
			);
			name = Main.storyboard;
			sourceTree = "<group>";
		};
		F46001552884DDE400D4B1F2 /* LaunchScreen.storyboard */ = {
			isa = PBXVariantGroup;
			children = (
				F46001562884DDE400D4B1F2 /* Base */,
			);
			name = LaunchScreen.storyboard;
			sourceTree = "<group>";
		};
/* End PBXVariantGroup section */

/* Begin XCBuildConfiguration section */
		F46001592884DDE400D4B1F2 /* Debug */ = {
			isa = XCBuildConfiguration;
			buildSettings = {
				ALWAYS_SEARCH_USER_PATHS = NO;
				CLANG_ANALYZER_NONNULL = YES;
				CLANG_ANALYZER_NUMBER_OBJECT_CONVERSION = YES_AGGRESSIVE;
				CLANG_CXX_LANGUAGE_STANDARD = "gnu++17";
				CLANG_ENABLE_MODULES = YES;
				CLANG_ENABLE_OBJC_ARC = YES;
				CLANG_ENABLE_OBJC_WEAK = YES;
				CLANG_WARN_BLOCK_CAPTURE_AUTORELEASING = YES;
				CLANG_WARN_BOOL_CONVERSION = YES;
				CLANG_WARN_COMMA = YES;
				CLANG_WARN_CONSTANT_CONVERSION = YES;
				CLANG_WARN_DEPRECATED_OBJC_IMPLEMENTATIONS = YES;
				CLANG_WARN_DIRECT_OBJC_ISA_USAGE = YES_ERROR;
				CLANG_WARN_DOCUMENTATION_COMMENTS = YES;
				CLANG_WARN_EMPTY_BODY = YES;
				CLANG_WARN_ENUM_CONVERSION = YES;
				CLANG_WARN_INFINITE_RECURSION = YES;
				CLANG_WARN_INT_CONVERSION = YES;
				CLANG_WARN_NON_LITERAL_NULL_CONVERSION = YES;
				CLANG_WARN_OBJC_IMPLICIT_RETAIN_SELF = YES;
				CLANG_WARN_OBJC_LITERAL_CONVERSION = YES;
				CLANG_WARN_OBJC_ROOT_CLASS = YES_ERROR;
				CLANG_WARN_QUOTED_INCLUDE_IN_FRAMEWORK_HEADER = YES;
				CLANG_WARN_RANGE_LOOP_ANALYSIS = YES;
				CLANG_WARN_STRICT_PROTOTYPES = YES;
				CLANG_WARN_SUSPICIOUS_MOVE = YES;
				CLANG_WARN_UNGUARDED_AVAILABILITY = YES_AGGRESSIVE;
				CLANG_WARN_UNREACHABLE_CODE = YES;
				CLANG_WARN__DUPLICATE_METHOD_MATCH = YES;
				COPY_PHASE_STRIP = NO;
				DEBUG_INFORMATION_FORMAT = dwarf;
				ENABLE_STRICT_OBJC_MSGSEND = YES;
				ENABLE_TESTABILITY = YES;
				GCC_C_LANGUAGE_STANDARD = gnu11;
				GCC_DYNAMIC_NO_PIC = NO;
				GCC_NO_COMMON_BLOCKS = YES;
				GCC_OPTIMIZATION_LEVEL = 0;
				GCC_PREPROCESSOR_DEFINITIONS = (
					"DEBUG=1",
					"$(inherited)",
				);
				GCC_WARN_64_TO_32_BIT_CONVERSION = YES;
				GCC_WARN_ABOUT_RETURN_TYPE = YES_ERROR;
				GCC_WARN_UNDECLARED_SELECTOR = YES;
				GCC_WARN_UNINITIALIZED_AUTOS = YES_AGGRESSIVE;
				GCC_WARN_UNUSED_FUNCTION = YES;
				GCC_WARN_UNUSED_VARIABLE = YES;
				IPHONEOS_DEPLOYMENT_TARGET = 15.5;
				MTL_ENABLE_DEBUG_INFO = INCLUDE_SOURCE;
				MTL_FAST_MATH = YES;
				ONLY_ACTIVE_ARCH = YES;
				SDKROOT = iphoneos;
				SWIFT_ACTIVE_COMPILATION_CONDITIONS = DEBUG;
				SWIFT_OPTIMIZATION_LEVEL = "-Onone";
			};
			name = Debug;
		};
		F460015A2884DDE400D4B1F2 /* Release */ = {
			isa = XCBuildConfiguration;
			buildSettings = {
				ALWAYS_SEARCH_USER_PATHS = NO;
				CLANG_ANALYZER_NONNULL = YES;
				CLANG_ANALYZER_NUMBER_OBJECT_CONVERSION = YES_AGGRESSIVE;
				CLANG_CXX_LANGUAGE_STANDARD = "gnu++17";
				CLANG_ENABLE_MODULES = YES;
				CLANG_ENABLE_OBJC_ARC = YES;
				CLANG_ENABLE_OBJC_WEAK = YES;
				CLANG_WARN_BLOCK_CAPTURE_AUTORELEASING = YES;
				CLANG_WARN_BOOL_CONVERSION = YES;
				CLANG_WARN_COMMA = YES;
				CLANG_WARN_CONSTANT_CONVERSION = YES;
				CLANG_WARN_DEPRECATED_OBJC_IMPLEMENTATIONS = YES;
				CLANG_WARN_DIRECT_OBJC_ISA_USAGE = YES_ERROR;
				CLANG_WARN_DOCUMENTATION_COMMENTS = YES;
				CLANG_WARN_EMPTY_BODY = YES;
				CLANG_WARN_ENUM_CONVERSION = YES;
				CLANG_WARN_INFINITE_RECURSION = YES;
				CLANG_WARN_INT_CONVERSION = YES;
				CLANG_WARN_NON_LITERAL_NULL_CONVERSION = YES;
				CLANG_WARN_OBJC_IMPLICIT_RETAIN_SELF = YES;
				CLANG_WARN_OBJC_LITERAL_CONVERSION = YES;
				CLANG_WARN_OBJC_ROOT_CLASS = YES_ERROR;
				CLANG_WARN_QUOTED_INCLUDE_IN_FRAMEWORK_HEADER = YES;
				CLANG_WARN_RANGE_LOOP_ANALYSIS = YES;
				CLANG_WARN_STRICT_PROTOTYPES = YES;
				CLANG_WARN_SUSPICIOUS_MOVE = YES;
				CLANG_WARN_UNGUARDED_AVAILABILITY = YES_AGGRESSIVE;
				CLANG_WARN_UNREACHABLE_CODE = YES;
				CLANG_WARN__DUPLICATE_METHOD_MATCH = YES;
				COPY_PHASE_STRIP = NO;
				DEBUG_INFORMATION_FORMAT = "dwarf-with-dsym";
				ENABLE_NS_ASSERTIONS = NO;
				ENABLE_STRICT_OBJC_MSGSEND = YES;
				GCC_C_LANGUAGE_STANDARD = gnu11;
				GCC_NO_COMMON_BLOCKS = YES;
				GCC_WARN_64_TO_32_BIT_CONVERSION = YES;
				GCC_WARN_ABOUT_RETURN_TYPE = YES_ERROR;
				GCC_WARN_UNDECLARED_SELECTOR = YES;
				GCC_WARN_UNINITIALIZED_AUTOS = YES_AGGRESSIVE;
				GCC_WARN_UNUSED_FUNCTION = YES;
				GCC_WARN_UNUSED_VARIABLE = YES;
				IPHONEOS_DEPLOYMENT_TARGET = 15.5;
				MTL_ENABLE_DEBUG_INFO = NO;
				MTL_FAST_MATH = YES;
				SDKROOT = iphoneos;
				SWIFT_COMPILATION_MODE = wholemodule;
				SWIFT_OPTIMIZATION_LEVEL = "-O";
				VALIDATE_PRODUCT = YES;
			};
			name = Release;
		};
		F460015C2884DDE400D4B1F2 /* Debug */ = {
			isa = XCBuildConfiguration;
			buildSettings = {
				ASSETCATALOG_COMPILER_APPICON_NAME = AppIcon;
				ASSETCATALOG_COMPILER_GLOBAL_ACCENT_COLOR_NAME = AccentColor;
				CODE_SIGN_STYLE = Automatic;
				CURRENT_PROJECT_VERSION = 1;
				DEVELOPMENT_TEAM = M526U856M5;
				GENERATE_INFOPLIST_FILE = YES;
				INFOPLIST_FILE = TrendMedia/Info.plist;
				INFOPLIST_KEY_UIApplicationSupportsIndirectInputEvents = YES;
				INFOPLIST_KEY_UILaunchStoryboardName = LaunchScreen;
				INFOPLIST_KEY_UIMainStoryboardFile = Setting;
				INFOPLIST_KEY_UISupportedInterfaceOrientations_iPad = "UIInterfaceOrientationPortrait UIInterfaceOrientationPortraitUpsideDown UIInterfaceOrientationLandscapeLeft UIInterfaceOrientationLandscapeRight";
				INFOPLIST_KEY_UISupportedInterfaceOrientations_iPhone = "UIInterfaceOrientationPortrait UIInterfaceOrientationLandscapeLeft UIInterfaceOrientationLandscapeRight";
				IPHONEOS_DEPLOYMENT_TARGET = 15.0;
				LD_RUNPATH_SEARCH_PATHS = (
					"$(inherited)",
					"@executable_path/Frameworks",
				);
				MARKETING_VERSION = 1.0;
				PRODUCT_BUNDLE_IDENTIFIER = com.haha1haka.TrendMedia;
				PRODUCT_NAME = "$(TARGET_NAME)";
				SWIFT_EMIT_LOC_STRINGS = YES;
				SWIFT_VERSION = 5.0;
				TARGETED_DEVICE_FAMILY = 1;
			};
			name = Debug;
		};
		F460015D2884DDE400D4B1F2 /* Release */ = {
			isa = XCBuildConfiguration;
			buildSettings = {
				ASSETCATALOG_COMPILER_APPICON_NAME = AppIcon;
				ASSETCATALOG_COMPILER_GLOBAL_ACCENT_COLOR_NAME = AccentColor;
				CODE_SIGN_STYLE = Automatic;
				CURRENT_PROJECT_VERSION = 1;
				DEVELOPMENT_TEAM = M526U856M5;
				GENERATE_INFOPLIST_FILE = YES;
				INFOPLIST_FILE = TrendMedia/Info.plist;
				INFOPLIST_KEY_UIApplicationSupportsIndirectInputEvents = YES;
				INFOPLIST_KEY_UILaunchStoryboardName = LaunchScreen;
				INFOPLIST_KEY_UIMainStoryboardFile = Setting;
				INFOPLIST_KEY_UISupportedInterfaceOrientations_iPad = "UIInterfaceOrientationPortrait UIInterfaceOrientationPortraitUpsideDown UIInterfaceOrientationLandscapeLeft UIInterfaceOrientationLandscapeRight";
				INFOPLIST_KEY_UISupportedInterfaceOrientations_iPhone = "UIInterfaceOrientationPortrait UIInterfaceOrientationLandscapeLeft UIInterfaceOrientationLandscapeRight";
				IPHONEOS_DEPLOYMENT_TARGET = 15.0;
				LD_RUNPATH_SEARCH_PATHS = (
					"$(inherited)",
					"@executable_path/Frameworks",
				);
				MARKETING_VERSION = 1.0;
				PRODUCT_BUNDLE_IDENTIFIER = com.haha1haka.TrendMedia;
				PRODUCT_NAME = "$(TARGET_NAME)";
				SWIFT_EMIT_LOC_STRINGS = YES;
				SWIFT_VERSION = 5.0;
				TARGETED_DEVICE_FAMILY = 1;
			};
			name = Release;
		};
/* End XCBuildConfiguration section */

/* Begin XCConfigurationList section */
		F46001422884DDE200D4B1F2 /* Build configuration list for PBXProject "TrendMedia" */ = {
			isa = XCConfigurationList;
			buildConfigurations = (
				F46001592884DDE400D4B1F2 /* Debug */,
				F460015A2884DDE400D4B1F2 /* Release */,
			);
			defaultConfigurationIsVisible = 0;
			defaultConfigurationName = Release;
		};
		F460015B2884DDE400D4B1F2 /* Build configuration list for PBXNativeTarget "TrendMedia" */ = {
			isa = XCConfigurationList;
			buildConfigurations = (
				F460015C2884DDE400D4B1F2 /* Debug */,
				F460015D2884DDE400D4B1F2 /* Release */,
			);
			defaultConfigurationIsVisible = 0;
			defaultConfigurationName = Release;
		};
/* End XCConfigurationList section */
	};
	rootObject = F460013F2884DDE200D4B1F2 /* Project object */;
}
