// !$*UTF8*$!
{
	archiveVersion = 1;
	classes = {
	};
	objectVersion = 55;
	objects = {

/* Begin PBXBuildFile section */
		F42CA2E92887039E00D137EF /* SearchTableViewCell.swift in Sources */ = {isa = PBXBuildFile; fileRef = F42CA2E82887039E00D137EF /* SearchTableViewCell.swift */; };
		F42CA2EB288705D100D137EF /* SearchTableViewController.swift in Sources */ = {isa = PBXBuildFile; fileRef = F42CA2EA288705D100D137EF /* SearchTableViewController.swift */; };
		F437362D2886404400B8F76C /* Trend.storyboard in Resources */ = {isa = PBXBuildFile; fileRef = F437362C2886404400B8F76C /* Trend.storyboard */; };
		F437362F2886407A00B8F76C /* Intro.storyboard in Resources */ = {isa = PBXBuildFile; fileRef = F437362E2886407A00B8F76C /* Intro.storyboard */; };
		F4373631288643FA00B8F76C /* TrendViewController.swift in Sources */ = {isa = PBXBuildFile; fileRef = F4373630288643FA00B8F76C /* TrendViewController.swift */; };
		F43736352886453000B8F76C /* UIViewController+Extension.swift in Sources */ = {isa = PBXBuildFile; fileRef = F43736342886453000B8F76C /* UIViewController+Extension.swift */; };
		F43736372886479C00B8F76C /* UITextField+Extension.swift in Sources */ = {isa = PBXBuildFile; fileRef = F43736362886479C00B8F76C /* UITextField+Extension.swift */; };
		F437363928864BAE00B8F76C /* BucketlistTableViewController.swift in Sources */ = {isa = PBXBuildFile; fileRef = F437363828864BAE00B8F76C /* BucketlistTableViewController.swift */; };
		F437363B28864D9A00B8F76C /* BucketlistTableViewCell.swift in Sources */ = {isa = PBXBuildFile; fileRef = F437363A28864D9A00B8F76C /* BucketlistTableViewCell.swift */; };
		F43BCC1C288680F90061E88C /* SettingTableViewController.swift in Sources */ = {isa = PBXBuildFile; fileRef = F43BCC1B288680F90061E88C /* SettingTableViewController.swift */; };
		F43BCC20288681460061E88C /* Search.storyboard in Resources */ = {isa = PBXBuildFile; fileRef = F43BCC1E288681460061E88C /* Search.storyboard */; };
		F43BCC29288684D30061E88C /* Shopping.storyboard in Resources */ = {isa = PBXBuildFile; fileRef = F43BCC28288684D30061E88C /* Shopping.storyboard */; };
		F43BCC2B288684F70061E88C /* ShoppingTableViewController.swift in Sources */ = {isa = PBXBuildFile; fileRef = F43BCC2A288684F70061E88C /* ShoppingTableViewController.swift */; };
		F43BCC2E288685550061E88C /* ShoppingTableViewCell.swift in Sources */ = {isa = PBXBuildFile; fileRef = F43BCC2D288685550061E88C /* ShoppingTableViewCell.swift */; };
		F460014B2884DDE200D4B1F2 /* AppDelegate.swift in Sources */ = {isa = PBXBuildFile; fileRef = F460014A2884DDE200D4B1F2 /* AppDelegate.swift */; };
		F460014D2884DDE200D4B1F2 /* SceneDelegate.swift in Sources */ = {isa = PBXBuildFile; fileRef = F460014C2884DDE200D4B1F2 /* SceneDelegate.swift */; };
		F460014F2884DDE200D4B1F2 /* ViewController.swift in Sources */ = {isa = PBXBuildFile; fileRef = F460014E2884DDE200D4B1F2 /* ViewController.swift */; };
		F46001522884DDE200D4B1F2 /* Main.storyboard in Resources */ = {isa = PBXBuildFile; fileRef = F46001502884DDE200D4B1F2 /* Main.storyboard */; };
		F46001542884DDE400D4B1F2 /* Assets.xcassets in Resources */ = {isa = PBXBuildFile; fileRef = F46001532884DDE400D4B1F2 /* Assets.xcassets */; };
		F46001572884DDE400D4B1F2 /* LaunchScreen.storyboard in Resources */ = {isa = PBXBuildFile; fileRef = F46001552884DDE400D4B1F2 /* LaunchScreen.storyboard */; };
		F460015F2884F11500D4B1F2 /* Home.storyboard in Resources */ = {isa = PBXBuildFile; fileRef = F460015E2884F11500D4B1F2 /* Home.storyboard */; };
		F46001612884FE4200D4B1F2 /* HomeTableViewController.swift in Sources */ = {isa = PBXBuildFile; fileRef = F46001602884FE4200D4B1F2 /* HomeTableViewController.swift */; };
		F47A68AD28878C9C00F7E8AF /* Movie.swift in Sources */ = {isa = PBXBuildFile; fileRef = F47A68AC28878C9C00F7E8AF /* Movie.swift */; };
		F47A68AF2887953B00F7E8AF /* MovieInfo.swift in Sources */ = {isa = PBXBuildFile; fileRef = F47A68AE2887953B00F7E8AF /* MovieInfo.swift */; };
		F47A68B128879AB200F7E8AF /* RecommandCollectionViewController.swift in Sources */ = {isa = PBXBuildFile; fileRef = F47A68B028879AB200F7E8AF /* RecommandCollectionViewController.swift */; };
		F47A68B328879E0200F7E8AF /* RecommandCollectionViewCell.swift in Sources */ = {isa = PBXBuildFile; fileRef = F47A68B228879E0200F7E8AF /* RecommandCollectionViewCell.swift */; };
		F47A68B62887AE4500F7E8AF /* Kingfisher in Frameworks */ = {isa = PBXBuildFile; productRef = F47A68B52887AE4500F7E8AF /* Kingfisher */; };
		F47A68B92887AE5F00F7E8AF /* Toast in Frameworks */ = {isa = PBXBuildFile; productRef = F47A68B82887AE5F00F7E8AF /* Toast */; };
		F4D9034D2886915F00A43267 /* Setting.storyboard in Resources */ = {isa = PBXBuildFile; fileRef = F43BCC1A288680F80061E88C /* Setting.storyboard */; };
/* End PBXBuildFile section */

/* Begin PBXFileReference section */
		F42CA2E82887039E00D137EF /* SearchTableViewCell.swift */ = {isa = PBXFileReference; lastKnownFileType = sourcecode.swift; path = SearchTableViewCell.swift; sourceTree = "<group>"; };
		F42CA2EA288705D100D137EF /* SearchTableViewController.swift */ = {isa = PBXFileReference; lastKnownFileType = sourcecode.swift; path = SearchTableViewController.swift; sourceTree = "<group>"; };
		F437362C2886404400B8F76C /* Trend.storyboard */ = {isa = PBXFileReference; lastKnownFileType = file.storyboard; path = Trend.storyboard; sourceTree = "<group>"; };
		F437362E2886407A00B8F76C /* Intro.storyboard */ = {isa = PBXFileReference; lastKnownFileType = file.storyboard; path = Intro.storyboard; sourceTree = "<group>"; };
		F4373630288643FA00B8F76C /* TrendViewController.swift */ = {isa = PBXFileReference; lastKnownFileType = sourcecode.swift; path = TrendViewController.swift; sourceTree = "<group>"; };
		F43736342886453000B8F76C /* UIViewController+Extension.swift */ = {isa = PBXFileReference; lastKnownFileType = sourcecode.swift; path = "UIViewController+Extension.swift"; sourceTree = "<group>"; };
		F43736362886479C00B8F76C /* UITextField+Extension.swift */ = {isa = PBXFileReference; lastKnownFileType = sourcecode.swift; path = "UITextField+Extension.swift"; sourceTree = "<group>"; };
		F437363828864BAE00B8F76C /* BucketlistTableViewController.swift */ = {isa = PBXFileReference; lastKnownFileType = sourcecode.swift; name = BucketlistTableViewController.swift; path = TrendMedia/Sources/Scenes/Trend/BucketlistTableViewController.swift; sourceTree = SOURCE_ROOT; };
		F437363A28864D9A00B8F76C /* BucketlistTableViewCell.swift */ = {isa = PBXFileReference; lastKnownFileType = sourcecode.swift; path = BucketlistTableViewCell.swift; sourceTree = "<group>"; };
		F43BCC1A288680F80061E88C /* Setting.storyboard */ = {isa = PBXFileReference; lastKnownFileType = file.storyboard; path = Setting.storyboard; sourceTree = "<group>"; };
		F43BCC1B288680F90061E88C /* SettingTableViewController.swift */ = {isa = PBXFileReference; lastKnownFileType = sourcecode.swift; path = SettingTableViewController.swift; sourceTree = "<group>"; };
		F43BCC1E288681460061E88C /* Search.storyboard */ = {isa = PBXFileReference; fileEncoding = 4; lastKnownFileType = file.storyboard; name = Search.storyboard; path = TrendMedia/Sources/Scenes/Search/Search.storyboard; sourceTree = SOURCE_ROOT; };
		F43BCC28288684D30061E88C /* Shopping.storyboard */ = {isa = PBXFileReference; lastKnownFileType = file.storyboard; path = Shopping.storyboard; sourceTree = "<group>"; };
		F43BCC2A288684F70061E88C /* ShoppingTableViewController.swift */ = {isa = PBXFileReference; lastKnownFileType = sourcecode.swift; path = ShoppingTableViewController.swift; sourceTree = "<group>"; };
		F43BCC2D288685550061E88C /* ShoppingTableViewCell.swift */ = {isa = PBXFileReference; lastKnownFileType = sourcecode.swift; path = ShoppingTableViewCell.swift; sourceTree = "<group>"; };
		F46001472884DDE200D4B1F2 /* TrendMedia.app */ = {isa = PBXFileReference; explicitFileType = wrapper.application; includeInIndex = 0; path = TrendMedia.app; sourceTree = BUILT_PRODUCTS_DIR; };
		F460014A2884DDE200D4B1F2 /* AppDelegate.swift */ = {isa = PBXFileReference; lastKnownFileType = sourcecode.swift; path = AppDelegate.swift; sourceTree = "<group>"; };
		F460014C2884DDE200D4B1F2 /* SceneDelegate.swift */ = {isa = PBXFileReference; lastKnownFileType = sourcecode.swift; path = SceneDelegate.swift; sourceTree = "<group>"; };
		F460014E2884DDE200D4B1F2 /* ViewController.swift */ = {isa = PBXFileReference; lastKnownFileType = sourcecode.swift; path = ViewController.swift; sourceTree = "<group>"; };
		F46001512884DDE200D4B1F2 /* Base */ = {isa = PBXFileReference; lastKnownFileType = file.storyboard; name = Base; path = Base.lproj/Main.storyboard; sourceTree = "<group>"; };
		F46001532884DDE400D4B1F2 /* Assets.xcassets */ = {isa = PBXFileReference; lastKnownFileType = folder.assetcatalog; path = Assets.xcassets; sourceTree = "<group>"; };
		F46001562884DDE400D4B1F2 /* Base */ = {isa = PBXFileReference; lastKnownFileType = file.storyboard; name = Base; path = Base.lproj/LaunchScreen.storyboard; sourceTree = "<group>"; };
		F46001582884DDE400D4B1F2 /* Info.plist */ = {isa = PBXFileReference; lastKnownFileType = text.plist.xml; path = Info.plist; sourceTree = "<group>"; };
		F460015E2884F11500D4B1F2 /* Home.storyboard */ = {isa = PBXFileReference; lastKnownFileType = file.storyboard; path = Home.storyboard; sourceTree = "<group>"; };
		F46001602884FE4200D4B1F2 /* HomeTableViewController.swift */ = {isa = PBXFileReference; lastKnownFileType = sourcecode.swift; path = HomeTableViewController.swift; sourceTree = "<group>"; };
		F47A68AC28878C9C00F7E8AF /* Movie.swift */ = {isa = PBXFileReference; lastKnownFileType = sourcecode.swift; path = Movie.swift; sourceTree = "<group>"; };
		F47A68AE2887953B00F7E8AF /* MovieInfo.swift */ = {isa = PBXFileReference; fileEncoding = 4; lastKnownFileType = sourcecode.swift; path = MovieInfo.swift; sourceTree = "<group>"; };
		F47A68B028879AB200F7E8AF /* RecommandCollectionViewController.swift */ = {isa = PBXFileReference; lastKnownFileType = sourcecode.swift; path = RecommandCollectionViewController.swift; sourceTree = "<group>"; };
		F47A68B228879E0200F7E8AF /* RecommandCollectionViewCell.swift */ = {isa = PBXFileReference; lastKnownFileType = sourcecode.swift; path = RecommandCollectionViewCell.swift; sourceTree = "<group>"; };
/* End PBXFileReference section */

/* Begin PBXFrameworksBuildPhase section */
		F46001442884DDE200D4B1F2 /* Frameworks */ = {
			isa = PBXFrameworksBuildPhase;
			buildActionMask = 2147483647;
			files = (
				F47A68B92887AE5F00F7E8AF /* Toast in Frameworks */,
				F47A68B62887AE4500F7E8AF /* Kingfisher in Frameworks */,
			);
			runOnlyForDeploymentPostprocessing = 0;
		};
/* End PBXFrameworksBuildPhase section */

/* Begin PBXGroup section */
		F42CA2E72887037E00D137EF /* Views */ = {
			isa = PBXGroup;
			children = (
				F42CA2E82887039E00D137EF /* SearchTableViewCell.swift */,
			);
			path = Views;
			sourceTree = "<group>";
		};
		F43BCC1D288681060061E88C /* Setting */ = {
			isa = PBXGroup;
			children = (
				F43BCC1A288680F80061E88C /* Setting.storyboard */,
				F43BCC1B288680F90061E88C /* SettingTableViewController.swift */,
			);
			path = Setting;
			sourceTree = "<group>";
		};
		F43BCC222886814D0061E88C /* Search */ = {
			isa = PBXGroup;
			children = (
				F43BCC1E288681460061E88C /* Search.storyboard */,
				F42CA2EA288705D100D137EF /* SearchTableViewController.swift */,
				F47A68AE2887953B00F7E8AF /* MovieInfo.swift */,
				F47A68AC28878C9C00F7E8AF /* Movie.swift */,
				F42CA2E72887037E00D137EF /* Views */,
			);
			path = Search;
			sourceTree = "<group>";
		};
		F43BCC23288681A50061E88C /* Sources */ = {
			isa = PBXGroup;
			children = (
				F46001652885270A00D4B1F2 /* Applications */,
				F4C543F928867CB10092CF89 /* Scenes */,
				F4C543F428867B4B0092CF89 /* Extensions */,
			);
			path = Sources;
			sourceTree = "<group>";
		};
		F43BCC242886820D0061E88C /* Main */ = {
			isa = PBXGroup;
			children = (
				F46001502884DDE200D4B1F2 /* Main.storyboard */,
				F460014E2884DDE200D4B1F2 /* ViewController.swift */,
			);
			path = Main;
			sourceTree = "<group>";
		};
		F43BCC25288682180061E88C /* Home */ = {
			isa = PBXGroup;
			children = (
				F460015E2884F11500D4B1F2 /* Home.storyboard */,
				F46001602884FE4200D4B1F2 /* HomeTableViewController.swift */,
			);
			path = Home;
			sourceTree = "<group>";
		};
		F43BCC27288684BA0061E88C /* Shopping */ = {
			isa = PBXGroup;
			children = (
				F43BCC28288684D30061E88C /* Shopping.storyboard */,
				F43BCC2A288684F70061E88C /* ShoppingTableViewController.swift */,
				F43BCC2C288685040061E88C /* Views */,
			);
			path = Shopping;
			sourceTree = "<group>";
		};
		F43BCC2C288685040061E88C /* Views */ = {
			isa = PBXGroup;
			children = (
				F43BCC2D288685550061E88C /* ShoppingTableViewCell.swift */,
			);
			path = Views;
			sourceTree = "<group>";
		};
		F460013E2884DDE200D4B1F2 = {
			isa = PBXGroup;
			children = (
				F46001492884DDE200D4B1F2 /* TrendMedia */,
				F46001482884DDE200D4B1F2 /* Products */,
			);
			sourceTree = "<group>";
		};
		F46001482884DDE200D4B1F2 /* Products */ = {
			isa = PBXGroup;
			children = (
				F46001472884DDE200D4B1F2 /* TrendMedia.app */,
			);
			name = Products;
			sourceTree = "<group>";
		};
		F46001492884DDE200D4B1F2 /* TrendMedia */ = {
			isa = PBXGroup;
			children = (
				F43BCC23288681A50061E88C /* Sources */,
				F46001532884DDE400D4B1F2 /* Assets.xcassets */,
				F46001552884DDE400D4B1F2 /* LaunchScreen.storyboard */,
				F46001582884DDE400D4B1F2 /* Info.plist */,
			);
			path = TrendMedia;
			sourceTree = "<group>";
		};
		F4600164288526F700D4B1F2 /* Intro */ = {
			isa = PBXGroup;
			children = (
				F437362E2886407A00B8F76C /* Intro.storyboard */,
			);
			path = Intro;
			sourceTree = "<group>";
		};
		F46001652885270A00D4B1F2 /* Applications */ = {
			isa = PBXGroup;
			children = (
				F460014A2884DDE200D4B1F2 /* AppDelegate.swift */,
				F460014C2884DDE200D4B1F2 /* SceneDelegate.swift */,
			);
			path = Applications;
			sourceTree = "<group>";
		};
		F4C543F428867B4B0092CF89 /* Extensions */ = {
			isa = PBXGroup;
			children = (
				F43736342886453000B8F76C /* UIViewController+Extension.swift */,
				F43736362886479C00B8F76C /* UITextField+Extension.swift */,
			);
			path = Extensions;
			sourceTree = "<group>";
		};
		F4C543F728867BF50092CF89 /* Trend */ = {
			isa = PBXGroup;
			children = (
				F437362C2886404400B8F76C /* Trend.storyboard */,
				F47A68B028879AB200F7E8AF /* RecommandCollectionViewController.swift */,
				F437363828864BAE00B8F76C /* BucketlistTableViewController.swift */,
				F4373630288643FA00B8F76C /* TrendViewController.swift */,
				F4C543FA28867CF50092CF89 /* Views */,
			);
			path = Trend;
			sourceTree = "<group>";
		};
		F4C543F928867CB10092CF89 /* Scenes */ = {
			isa = PBXGroup;
			children = (
				F4600164288526F700D4B1F2 /* Intro */,
				F43BCC242886820D0061E88C /* Main */,
				F43BCC25288682180061E88C /* Home */,
				F43BCC1D288681060061E88C /* Setting */,
				F4C543F728867BF50092CF89 /* Trend */,
				F43BCC27288684BA0061E88C /* Shopping */,
				F43BCC222886814D0061E88C /* Search */,
			);
			path = Scenes;
			sourceTree = "<group>";
		};
		F4C543FA28867CF50092CF89 /* Views */ = {
			isa = PBXGroup;
			children = (
				F47A68B228879E0200F7E8AF /* RecommandCollectionViewCell.swift */,
				F437363A28864D9A00B8F76C /* BucketlistTableViewCell.swift */,
			);
			path = Views;
			sourceTree = "<group>";
		};
/* End PBXGroup section */

/* Begin PBXNativeTarget section */
		F46001462884DDE200D4B1F2 /* TrendMedia */ = {
			isa = PBXNativeTarget;
			buildConfigurationList = F460015B2884DDE400D4B1F2 /* Build configuration list for PBXNativeTarget "TrendMedia" */;
			buildPhases = (
				F46001432884DDE200D4B1F2 /* Sources */,
				F46001442884DDE200D4B1F2 /* Frameworks */,
				F46001452884DDE200D4B1F2 /* Resources */,
			);
			buildRules = (
			);
			dependencies = (
			);
			name = TrendMedia;
			packageProductDependencies = (
				F47A68B52887AE4500F7E8AF /* Kingfisher */,
				F47A68B82887AE5F00F7E8AF /* Toast */,
			);
			productName = SeSAC3TrendMedia;
			productReference = F46001472884DDE200D4B1F2 /* TrendMedia.app */;
			productType = "com.apple.product-type.application";
		};
/* End PBXNativeTarget section */

/* Begin PBXProject section */
		F460013F2884DDE200D4B1F2 /* Project object */ = {
			isa = PBXProject;
			attributes = {
				BuildIndependentTargetsInParallel = 1;
				LastSwiftUpdateCheck = 1340;
				LastUpgradeCheck = 1340;
				TargetAttributes = {
					F46001462884DDE200D4B1F2 = {
						CreatedOnToolsVersion = 13.4.1;
					};
				};
			};
			buildConfigurationList = F46001422884DDE200D4B1F2 /* Build configuration list for PBXProject "TrendMedia" */;
			compatibilityVersion = "Xcode 13.0";
			developmentRegion = en;
			hasScannedForEncodings = 0;
			knownRegions = (
				en,
				Base,
			);
			mainGroup = F460013E2884DDE200D4B1F2;
			packageReferences = (
				F47A68B42887AE4500F7E8AF /* XCRemoteSwiftPackageReference "Kingfisher" */,
				F47A68B72887AE5F00F7E8AF /* XCRemoteSwiftPackageReference "Toast-Swift" */,
			);
			productRefGroup = F46001482884DDE200D4B1F2 /* Products */;
			projectDirPath = "";
			projectRoot = "";
			targets = (
				F46001462884DDE200D4B1F2 /* TrendMedia */,
			);
		};
/* End PBXProject section */

/* Begin PBXResourcesBuildPhase section */
		F46001452884DDE200D4B1F2 /* Resources */ = {
			isa = PBXResourcesBuildPhase;
			buildActionMask = 2147483647;
			files = (
				F437362D2886404400B8F76C /* Trend.storyboard in Resources */,
				F46001572884DDE400D4B1F2 /* LaunchScreen.storyboard in Resources */,
				F43BCC29288684D30061E88C /* Shopping.storyboard in Resources */,
				F46001542884DDE400D4B1F2 /* Assets.xcassets in Resources */,
				F437362F2886407A00B8F76C /* Intro.storyboard in Resources */,
				F4D9034D2886915F00A43267 /* Setting.storyboard in Resources */,
				F43BCC20288681460061E88C /* Search.storyboard in Resources */,
				F46001522884DDE200D4B1F2 /* Main.storyboard in Resources */,
				F460015F2884F11500D4B1F2 /* Home.storyboard in Resources */,
			);
			runOnlyForDeploymentPostprocessing = 0;
		};
/* End PBXResourcesBuildPhase section */

/* Begin PBXSourcesBuildPhase section */
		F46001432884DDE200D4B1F2 /* Sources */ = {
			isa = PBXSourcesBuildPhase;
			buildActionMask = 2147483647;
			files = (
				F43736372886479C00B8F76C /* UITextField+Extension.swift in Sources */,
				F43BCC2E288685550061E88C /* ShoppingTableViewCell.swift in Sources */,
				F43BCC2B288684F70061E88C /* ShoppingTableViewController.swift in Sources */,
				F47A68B128879AB200F7E8AF /* RecommandCollectionViewController.swift in Sources */,
				F42CA2EB288705D100D137EF /* SearchTableViewController.swift in Sources */,
				F43736352886453000B8F76C /* UIViewController+Extension.swift in Sources */,
				F46001612884FE4200D4B1F2 /* HomeTableViewController.swift in Sources */,
				F47A68B328879E0200F7E8AF /* RecommandCollectionViewCell.swift in Sources */,
				F47A68AF2887953B00F7E8AF /* MovieInfo.swift in Sources */,
				F460014F2884DDE200D4B1F2 /* ViewController.swift in Sources */,
				F460014B2884DDE200D4B1F2 /* AppDelegate.swift in Sources */,
				F460014D2884DDE200D4B1F2 /* SceneDelegate.swift in Sources */,
				F43BCC1C288680F90061E88C /* SettingTableViewController.swift in Sources */,
				F437363928864BAE00B8F76C /* BucketlistTableViewController.swift in Sources */,
				F4373631288643FA00B8F76C /* TrendViewController.swift in Sources */,
				F437363B28864D9A00B8F76C /* BucketlistTableViewCell.swift in Sources */,
				F42CA2E92887039E00D137EF /* SearchTableViewCell.swift in Sources */,
				F47A68AD28878C9C00F7E8AF /* Movie.swift in Sources */,
			);
			runOnlyForDeploymentPostprocessing = 0;
		};
/* End PBXSourcesBuildPhase section */

/* Begin PBXVariantGroup section */
		F46001502884DDE200D4B1F2 /* Main.storyboard */ = {
			isa = PBXVariantGroup;
			children = (
				F46001512884DDE200D4B1F2 /* Base */,
			);
			name = Main.storyboard;
			sourceTree = "<group>";
		};
		F46001552884DDE400D4B1F2 /* LaunchScreen.storyboard */ = {
			isa = PBXVariantGroup;
			children = (
				F46001562884DDE400D4B1F2 /* Base */,
			);
			name = LaunchScreen.storyboard;
			sourceTree = "<group>";
		};
/* End PBXVariantGroup section */

/* Begin XCBuildConfiguration section */
		F46001592884DDE400D4B1F2 /* Debug */ = {
			isa = XCBuildConfiguration;
			buildSettings = {
				ALWAYS_SEARCH_USER_PATHS = NO;
				CLANG_ANALYZER_NONNULL = YES;
				CLANG_ANALYZER_NUMBER_OBJECT_CONVERSION = YES_AGGRESSIVE;
				CLANG_CXX_LANGUAGE_STANDARD = "gnu++17";
				CLANG_ENABLE_MODULES = YES;
				CLANG_ENABLE_OBJC_ARC = YES;
				CLANG_ENABLE_OBJC_WEAK = YES;
				CLANG_WARN_BLOCK_CAPTURE_AUTORELEASING = YES;
				CLANG_WARN_BOOL_CONVERSION = YES;
				CLANG_WARN_COMMA = YES;
				CLANG_WARN_CONSTANT_CONVERSION = YES;
				CLANG_WARN_DEPRECATED_OBJC_IMPLEMENTATIONS = YES;
				CLANG_WARN_DIRECT_OBJC_ISA_USAGE = YES_ERROR;
				CLANG_WARN_DOCUMENTATION_COMMENTS = YES;
				CLANG_WARN_EMPTY_BODY = YES;
				CLANG_WARN_ENUM_CONVERSION = YES;
				CLANG_WARN_INFINITE_RECURSION = YES;
				CLANG_WARN_INT_CONVERSION = YES;
				CLANG_WARN_NON_LITERAL_NULL_CONVERSION = YES;
				CLANG_WARN_OBJC_IMPLICIT_RETAIN_SELF = YES;
				CLANG_WARN_OBJC_LITERAL_CONVERSION = YES;
				CLANG_WARN_OBJC_ROOT_CLASS = YES_ERROR;
				CLANG_WARN_QUOTED_INCLUDE_IN_FRAMEWORK_HEADER = YES;
				CLANG_WARN_RANGE_LOOP_ANALYSIS = YES;
				CLANG_WARN_STRICT_PROTOTYPES = YES;
				CLANG_WARN_SUSPICIOUS_MOVE = YES;
				CLANG_WARN_UNGUARDED_AVAILABILITY = YES_AGGRESSIVE;
				CLANG_WARN_UNREACHABLE_CODE = YES;
				CLANG_WARN__DUPLICATE_METHOD_MATCH = YES;
				COPY_PHASE_STRIP = NO;
				DEBUG_INFORMATION_FORMAT = dwarf;
				ENABLE_STRICT_OBJC_MSGSEND = YES;
				ENABLE_TESTABILITY = YES;
				GCC_C_LANGUAGE_STANDARD = gnu11;
				GCC_DYNAMIC_NO_PIC = NO;
				GCC_NO_COMMON_BLOCKS = YES;
				GCC_OPTIMIZATION_LEVEL = 0;
				GCC_PREPROCESSOR_DEFINITIONS = (
					"DEBUG=1",
					"$(inherited)",
				);
				GCC_WARN_64_TO_32_BIT_CONVERSION = YES;
				GCC_WARN_ABOUT_RETURN_TYPE = YES_ERROR;
				GCC_WARN_UNDECLARED_SELECTOR = YES;
				GCC_WARN_UNINITIALIZED_AUTOS = YES_AGGRESSIVE;
				GCC_WARN_UNUSED_FUNCTION = YES;
				GCC_WARN_UNUSED_VARIABLE = YES;
				IPHONEOS_DEPLOYMENT_TARGET = 15.5;
				MTL_ENABLE_DEBUG_INFO = INCLUDE_SOURCE;
				MTL_FAST_MATH = YES;
				ONLY_ACTIVE_ARCH = YES;
				SDKROOT = iphoneos;
				SWIFT_ACTIVE_COMPILATION_CONDITIONS = DEBUG;
				SWIFT_OPTIMIZATION_LEVEL = "-Onone";
			};
			name = Debug;
		};
		F460015A2884DDE400D4B1F2 /* Release */ = {
			isa = XCBuildConfiguration;
			buildSettings = {
				ALWAYS_SEARCH_USER_PATHS = NO;
				CLANG_ANALYZER_NONNULL = YES;
				CLANG_ANALYZER_NUMBER_OBJECT_CONVERSION = YES_AGGRESSIVE;
				CLANG_CXX_LANGUAGE_STANDARD = "gnu++17";
				CLANG_ENABLE_MODULES = YES;
				CLANG_ENABLE_OBJC_ARC = YES;
				CLANG_ENABLE_OBJC_WEAK = YES;
				CLANG_WARN_BLOCK_CAPTURE_AUTORELEASING = YES;
				CLANG_WARN_BOOL_CONVERSION = YES;
				CLANG_WARN_COMMA = YES;
				CLANG_WARN_CONSTANT_CONVERSION = YES;
				CLANG_WARN_DEPRECATED_OBJC_IMPLEMENTATIONS = YES;
				CLANG_WARN_DIRECT_OBJC_ISA_USAGE = YES_ERROR;
				CLANG_WARN_DOCUMENTATION_COMMENTS = YES;
				CLANG_WARN_EMPTY_BODY = YES;
				CLANG_WARN_ENUM_CONVERSION = YES;
				CLANG_WARN_INFINITE_RECURSION = YES;
				CLANG_WARN_INT_CONVERSION = YES;
				CLANG_WARN_NON_LITERAL_NULL_CONVERSION = YES;
				CLANG_WARN_OBJC_IMPLICIT_RETAIN_SELF = YES;
				CLANG_WARN_OBJC_LITERAL_CONVERSION = YES;
				CLANG_WARN_OBJC_ROOT_CLASS = YES_ERROR;
				CLANG_WARN_QUOTED_INCLUDE_IN_FRAMEWORK_HEADER = YES;
				CLANG_WARN_RANGE_LOOP_ANALYSIS = YES;
				CLANG_WARN_STRICT_PROTOTYPES = YES;
				CLANG_WARN_SUSPICIOUS_MOVE = YES;
				CLANG_WARN_UNGUARDED_AVAILABILITY = YES_AGGRESSIVE;
				CLANG_WARN_UNREACHABLE_CODE = YES;
				CLANG_WARN__DUPLICATE_METHOD_MATCH = YES;
				COPY_PHASE_STRIP = NO;
				DEBUG_INFORMATION_FORMAT = "dwarf-with-dsym";
				ENABLE_NS_ASSERTIONS = NO;
				ENABLE_STRICT_OBJC_MSGSEND = YES;
				GCC_C_LANGUAGE_STANDARD = gnu11;
				GCC_NO_COMMON_BLOCKS = YES;
				GCC_WARN_64_TO_32_BIT_CONVERSION = YES;
				GCC_WARN_ABOUT_RETURN_TYPE = YES_ERROR;
				GCC_WARN_UNDECLARED_SELECTOR = YES;
				GCC_WARN_UNINITIALIZED_AUTOS = YES_AGGRESSIVE;
				GCC_WARN_UNUSED_FUNCTION = YES;
				GCC_WARN_UNUSED_VARIABLE = YES;
				IPHONEOS_DEPLOYMENT_TARGET = 15.5;
				MTL_ENABLE_DEBUG_INFO = NO;
				MTL_FAST_MATH = YES;
				SDKROOT = iphoneos;
				SWIFT_COMPILATION_MODE = wholemodule;
				SWIFT_OPTIMIZATION_LEVEL = "-O";
				VALIDATE_PRODUCT = YES;
			};
			name = Release;
		};
		F460015C2884DDE400D4B1F2 /* Debug */ = {
			isa = XCBuildConfiguration;
			buildSettings = {
				ASSETCATALOG_COMPILER_APPICON_NAME = AppIcon;
				ASSETCATALOG_COMPILER_GLOBAL_ACCENT_COLOR_NAME = AccentColor;
				CODE_SIGN_STYLE = Automatic;
				CURRENT_PROJECT_VERSION = 1;
				DEVELOPMENT_TEAM = M526U856M5;
				GENERATE_INFOPLIST_FILE = YES;
				INFOPLIST_FILE = TrendMedia/Info.plist;
				INFOPLIST_KEY_UIApplicationSupportsIndirectInputEvents = YES;
				INFOPLIST_KEY_UILaunchStoryboardName = LaunchScreen;
				INFOPLIST_KEY_UIMainStoryboardFile = Trend;
				INFOPLIST_KEY_UISupportedInterfaceOrientations_iPad = "UIInterfaceOrientationPortrait UIInterfaceOrientationPortraitUpsideDown UIInterfaceOrientationLandscapeLeft UIInterfaceOrientationLandscapeRight";
				INFOPLIST_KEY_UISupportedInterfaceOrientations_iPhone = "UIInterfaceOrientationPortrait UIInterfaceOrientationLandscapeLeft UIInterfaceOrientationLandscapeRight";
				IPHONEOS_DEPLOYMENT_TARGET = 15.0;
				LD_RUNPATH_SEARCH_PATHS = (
					"$(inherited)",
					"@executable_path/Frameworks",
				);
				MARKETING_VERSION = 1.0;
				PRODUCT_BUNDLE_IDENTIFIER = com.haha1haka.TrendMedia;
				PRODUCT_NAME = "$(TARGET_NAME)";
				SWIFT_EMIT_LOC_STRINGS = YES;
				SWIFT_VERSION = 5.0;
				TARGETED_DEVICE_FAMILY = 1;
			};
			name = Debug;
		};
		F460015D2884DDE400D4B1F2 /* Release */ = {
			isa = XCBuildConfiguration;
			buildSettings = {
				ASSETCATALOG_COMPILER_APPICON_NAME = AppIcon;
				ASSETCATALOG_COMPILER_GLOBAL_ACCENT_COLOR_NAME = AccentColor;
				CODE_SIGN_STYLE = Automatic;
				CURRENT_PROJECT_VERSION = 1;
				DEVELOPMENT_TEAM = M526U856M5;
				GENERATE_INFOPLIST_FILE = YES;
				INFOPLIST_FILE = TrendMedia/Info.plist;
				INFOPLIST_KEY_UIApplicationSupportsIndirectInputEvents = YES;
				INFOPLIST_KEY_UILaunchStoryboardName = LaunchScreen;
				INFOPLIST_KEY_UIMainStoryboardFile = Trend;
				INFOPLIST_KEY_UISupportedInterfaceOrientations_iPad = "UIInterfaceOrientationPortrait UIInterfaceOrientationPortraitUpsideDown UIInterfaceOrientationLandscapeLeft UIInterfaceOrientationLandscapeRight";
				INFOPLIST_KEY_UISupportedInterfaceOrientations_iPhone = "UIInterfaceOrientationPortrait UIInterfaceOrientationLandscapeLeft UIInterfaceOrientationLandscapeRight";
				IPHONEOS_DEPLOYMENT_TARGET = 15.0;
				LD_RUNPATH_SEARCH_PATHS = (
					"$(inherited)",
					"@executable_path/Frameworks",
				);
				MARKETING_VERSION = 1.0;
				PRODUCT_BUNDLE_IDENTIFIER = com.haha1haka.TrendMedia;
				PRODUCT_NAME = "$(TARGET_NAME)";
				SWIFT_EMIT_LOC_STRINGS = YES;
				SWIFT_VERSION = 5.0;
				TARGETED_DEVICE_FAMILY = 1;
			};
			name = Release;
		};
/* End XCBuildConfiguration section */

/* Begin XCConfigurationList section */
		F46001422884DDE200D4B1F2 /* Build configuration list for PBXProject "TrendMedia" */ = {
			isa = XCConfigurationList;
			buildConfigurations = (
				F46001592884DDE400D4B1F2 /* Debug */,
				F460015A2884DDE400D4B1F2 /* Release */,
			);
			defaultConfigurationIsVisible = 0;
			defaultConfigurationName = Release;
		};
		F460015B2884DDE400D4B1F2 /* Build configuration list for PBXNativeTarget "TrendMedia" */ = {
			isa = XCConfigurationList;
			buildConfigurations = (
				F460015C2884DDE400D4B1F2 /* Debug */,
				F460015D2884DDE400D4B1F2 /* Release */,
			);
			defaultConfigurationIsVisible = 0;
			defaultConfigurationName = Release;
		};
/* End XCConfigurationList section */

/* Begin XCRemoteSwiftPackageReference section */
		F47A68B42887AE4500F7E8AF /* XCRemoteSwiftPackageReference "Kingfisher" */ = {
			isa = XCRemoteSwiftPackageReference;
			repositoryURL = "https://github.com/onevcat/Kingfisher.git";
			requirement = {
				kind = upToNextMajorVersion;
				minimumVersion = 7.0.0;
			};
		};
		F47A68B72887AE5F00F7E8AF /* XCRemoteSwiftPackageReference "Toast-Swift" */ = {
			isa = XCRemoteSwiftPackageReference;
			repositoryURL = "https://github.com/scalessec/Toast-Swift.git";
			requirement = {
				kind = upToNextMajorVersion;
				minimumVersion = 5.0.0;
			};
		};
/* End XCRemoteSwiftPackageReference section */

/* Begin XCSwiftPackageProductDependency section */
		F47A68B52887AE4500F7E8AF /* Kingfisher */ = {
			isa = XCSwiftPackageProductDependency;
			package = F47A68B42887AE4500F7E8AF /* XCRemoteSwiftPackageReference "Kingfisher" */;
			productName = Kingfisher;
		};
		F47A68B82887AE5F00F7E8AF /* Toast */ = {
			isa = XCSwiftPackageProductDependency;
			package = F47A68B72887AE5F00F7E8AF /* XCRemoteSwiftPackageReference "Toast-Swift" */;
			productName = Toast;
		};
/* End XCSwiftPackageProductDependency section */
	};
	rootObject = F460013F2884DDE200D4B1F2 /* Project object */;
}
