// !$*UTF8*$!
{
	archiveVersion = 1;
	classes = {
	};
	objectVersion = 55;
	objects = {

/* Begin PBXBuildFile section */
		F4118CA42888270D00F92929 /* BookInfo.swift in Sources */ = {isa = PBXBuildFile; fileRef = F4118CA32888270D00F92929 /* BookInfo.swift */; };
		F4118CA62888286400F92929 /* Book.swift in Sources */ = {isa = PBXBuildFile; fileRef = F4118CA52888286400F92929 /* Book.swift */; };
		F463A5CD2887D28C0003B2A0 /* AppDelegate.swift in Sources */ = {isa = PBXBuildFile; fileRef = F463A5CC2887D28C0003B2A0 /* AppDelegate.swift */; };
		F463A5CF2887D28C0003B2A0 /* SceneDelegate.swift in Sources */ = {isa = PBXBuildFile; fileRef = F463A5CE2887D28C0003B2A0 /* SceneDelegate.swift */; };
		F463A5D42887D28C0003B2A0 /* BookCollection.storyboard in Resources */ = {isa = PBXBuildFile; fileRef = F463A5D22887D28C0003B2A0 /* BookCollection.storyboard */; };
		F463A5D62887D28D0003B2A0 /* Assets.xcassets in Resources */ = {isa = PBXBuildFile; fileRef = F463A5D52887D28D0003B2A0 /* Assets.xcassets */; };
		F463A5D92887D28D0003B2A0 /* LaunchScreen.storyboard in Resources */ = {isa = PBXBuildFile; fileRef = F463A5D72887D28D0003B2A0 /* LaunchScreen.storyboard */; };
		F463A5E12887D3D70003B2A0 /* BookCollectionViewController.swift in Sources */ = {isa = PBXBuildFile; fileRef = F463A5E02887D3D70003B2A0 /* BookCollectionViewController.swift */; };
		F463A5E32887D3E70003B2A0 /* BookCollectionViewCell.swift in Sources */ = {isa = PBXBuildFile; fileRef = F463A5E22887D3E70003B2A0 /* BookCollectionViewCell.swift */; };
/* End PBXBuildFile section */

/* Begin PBXFileReference section */
		F4118CA32888270D00F92929 /* BookInfo.swift */ = {isa = PBXFileReference; lastKnownFileType = sourcecode.swift; path = BookInfo.swift; sourceTree = "<group>"; };
		F4118CA52888286400F92929 /* Book.swift */ = {isa = PBXFileReference; lastKnownFileType = sourcecode.swift; path = Book.swift; sourceTree = "<group>"; };
		F463A5C92887D28C0003B2A0 /* BookCollection.app */ = {isa = PBXFileReference; explicitFileType = wrapper.application; includeInIndex = 0; path = BookCollection.app; sourceTree = BUILT_PRODUCTS_DIR; };
		F463A5CC2887D28C0003B2A0 /* AppDelegate.swift */ = {isa = PBXFileReference; lastKnownFileType = sourcecode.swift; path = AppDelegate.swift; sourceTree = "<group>"; };
		F463A5CE2887D28C0003B2A0 /* SceneDelegate.swift */ = {isa = PBXFileReference; lastKnownFileType = sourcecode.swift; path = SceneDelegate.swift; sourceTree = "<group>"; };
		F463A5D32887D28C0003B2A0 /* Base */ = {isa = PBXFileReference; lastKnownFileType = file.storyboard; name = Base; path = Base.lproj/BookCollection.storyboard; sourceTree = "<group>"; };
		F463A5D52887D28D0003B2A0 /* Assets.xcassets */ = {isa = PBXFileReference; lastKnownFileType = folder.assetcatalog; path = Assets.xcassets; sourceTree = "<group>"; };
		F463A5D82887D28D0003B2A0 /* Base */ = {isa = PBXFileReference; lastKnownFileType = file.storyboard; name = Base; path = Base.lproj/LaunchScreen.storyboard; sourceTree = "<group>"; };
		F463A5DA2887D28D0003B2A0 /* Info.plist */ = {isa = PBXFileReference; lastKnownFileType = text.plist.xml; path = Info.plist; sourceTree = "<group>"; };
		F463A5E02887D3D70003B2A0 /* BookCollectionViewController.swift */ = {isa = PBXFileReference; lastKnownFileType = sourcecode.swift; path = BookCollectionViewController.swift; sourceTree = "<group>"; };
		F463A5E22887D3E70003B2A0 /* BookCollectionViewCell.swift */ = {isa = PBXFileReference; lastKnownFileType = sourcecode.swift; path = BookCollectionViewCell.swift; sourceTree = "<group>"; };
/* End PBXFileReference section */

/* Begin PBXFrameworksBuildPhase section */
		F463A5C62887D28C0003B2A0 /* Frameworks */ = {
			isa = PBXFrameworksBuildPhase;
			buildActionMask = 2147483647;
			files = (
			);
			runOnlyForDeploymentPostprocessing = 0;
		};
/* End PBXFrameworksBuildPhase section */

/* Begin PBXGroup section */
		F463A5C02887D28C0003B2A0 = {
			isa = PBXGroup;
			children = (
				F463A5CB2887D28C0003B2A0 /* BookCollection */,
				F463A5CA2887D28C0003B2A0 /* Products */,
			);
			sourceTree = "<group>";
		};
		F463A5CA2887D28C0003B2A0 /* Products */ = {
			isa = PBXGroup;
			children = (
				F463A5C92887D28C0003B2A0 /* BookCollection.app */,
			);
			name = Products;
			sourceTree = "<group>";
		};
		F463A5CB2887D28C0003B2A0 /* BookCollection */ = {
			isa = PBXGroup;
			children = (
				F463A5E72887D4150003B2A0 /* Applications */,
				F463A5E62887D40C0003B2A0 /* Sources */,
				F463A5D52887D28D0003B2A0 /* Assets.xcassets */,
				F463A5D72887D28D0003B2A0 /* LaunchScreen.storyboard */,
				F463A5DA2887D28D0003B2A0 /* Info.plist */,
			);
			path = BookCollection;
			sourceTree = "<group>";
		};
		F463A5E42887D3FE0003B2A0 /* View */ = {
			isa = PBXGroup;
			children = (
				F463A5E22887D3E70003B2A0 /* BookCollectionViewCell.swift */,
			);
			path = View;
			sourceTree = "<group>";
		};
		F463A5E52887D4040003B2A0 /* Scenes */ = {
			isa = PBXGroup;
			children = (
				F463A5E82887D42D0003B2A0 /* BookCollection */,
			);
			path = Scenes;
			sourceTree = "<group>";
		};
		F463A5E62887D40C0003B2A0 /* Sources */ = {
			isa = PBXGroup;
			children = (
				F463A5E52887D4040003B2A0 /* Scenes */,
			);
			path = Sources;
			sourceTree = "<group>";
		};
		F463A5E72887D4150003B2A0 /* Applications */ = {
			isa = PBXGroup;
			children = (
				F463A5CC2887D28C0003B2A0 /* AppDelegate.swift */,
				F463A5CE2887D28C0003B2A0 /* SceneDelegate.swift */,
			);
			path = Applications;
			sourceTree = "<group>";
		};
		F463A5E82887D42D0003B2A0 /* BookCollection */ = {
			isa = PBXGroup;
			children = (
				F463A5D22887D28C0003B2A0 /* BookCollection.storyboard */,
				F463A5E02887D3D70003B2A0 /* BookCollectionViewController.swift */,
				F4118CA52888286400F92929 /* Book.swift */,
				F4118CA32888270D00F92929 /* BookInfo.swift */,
				F463A5E42887D3FE0003B2A0 /* View */,
			);
			path = BookCollection;
			sourceTree = "<group>";
		};
/* End PBXGroup section */

/* Begin PBXNativeTarget section */
		F463A5C82887D28C0003B2A0 /* BookCollection */ = {
			isa = PBXNativeTarget;
			buildConfigurationList = F463A5DD2887D28D0003B2A0 /* Build configuration list for PBXNativeTarget "BookCollection" */;
			buildPhases = (
				F463A5C52887D28C0003B2A0 /* Sources */,
				F463A5C62887D28C0003B2A0 /* Frameworks */,
				F463A5C72887D28C0003B2A0 /* Resources */,
			);
			buildRules = (
			);
			dependencies = (
			);
			name = BookCollection;
			productName = Books;
			productReference = F463A5C92887D28C0003B2A0 /* BookCollection.app */;
			productType = "com.apple.product-type.application";
		};
/* End PBXNativeTarget section */

/* Begin PBXProject section */
		F463A5C12887D28C0003B2A0 /* Project object */ = {
			isa = PBXProject;
			attributes = {
				BuildIndependentTargetsInParallel = 1;
				LastSwiftUpdateCheck = 1340;
				LastUpgradeCheck = 1340;
				TargetAttributes = {
					F463A5C82887D28C0003B2A0 = {
						CreatedOnToolsVersion = 13.4.1;
					};
				};
			};
			buildConfigurationList = F463A5C42887D28C0003B2A0 /* Build configuration list for PBXProject "BookCollection" */;
			compatibilityVersion = "Xcode 13.0";
			developmentRegion = en;
			hasScannedForEncodings = 0;
			knownRegions = (
				en,
				Base,
			);
			mainGroup = F463A5C02887D28C0003B2A0;
			productRefGroup = F463A5CA2887D28C0003B2A0 /* Products */;
			projectDirPath = "";
			projectRoot = "";
			targets = (
				F463A5C82887D28C0003B2A0 /* BookCollection */,
			);
		};
/* End PBXProject section */

/* Begin PBXResourcesBuildPhase section */
		F463A5C72887D28C0003B2A0 /* Resources */ = {
			isa = PBXResourcesBuildPhase;
			buildActionMask = 2147483647;
			files = (
				F463A5D92887D28D0003B2A0 /* LaunchScreen.storyboard in Resources */,
				F463A5D62887D28D0003B2A0 /* Assets.xcassets in Resources */,
				F463A5D42887D28C0003B2A0 /* BookCollection.storyboard in Resources */,
			);
			runOnlyForDeploymentPostprocessing = 0;
		};
/* End PBXResourcesBuildPhase section */

/* Begin PBXSourcesBuildPhase section */
		F463A5C52887D28C0003B2A0 /* Sources */ = {
			isa = PBXSourcesBuildPhase;
			buildActionMask = 2147483647;
			files = (
				F4118CA62888286400F92929 /* Book.swift in Sources */,
				F463A5E12887D3D70003B2A0 /* BookCollectionViewController.swift in Sources */,
				F463A5E32887D3E70003B2A0 /* BookCollectionViewCell.swift in Sources */,
				F463A5CD2887D28C0003B2A0 /* AppDelegate.swift in Sources */,
				F4118CA42888270D00F92929 /* BookInfo.swift in Sources */,
				F463A5CF2887D28C0003B2A0 /* SceneDelegate.swift in Sources */,
			);
			runOnlyForDeploymentPostprocessing = 0;
		};
/* End PBXSourcesBuildPhase section */

/* Begin PBXVariantGroup section */
		F463A5D22887D28C0003B2A0 /* BookCollection.storyboard */ = {
			isa = PBXVariantGroup;
			children = (
				F463A5D32887D28C0003B2A0 /* Base */,
			);
			name = BookCollection.storyboard;
			sourceTree = "<group>";
		};
		F463A5D72887D28D0003B2A0 /* LaunchScreen.storyboard */ = {
			isa = PBXVariantGroup;
			children = (
				F463A5D82887D28D0003B2A0 /* Base */,
			);
			name = LaunchScreen.storyboard;
			sourceTree = "<group>";
		};
/* End PBXVariantGroup section */

/* Begin XCBuildConfiguration section */
		F463A5DB2887D28D0003B2A0 /* Debug */ = {
			isa = XCBuildConfiguration;
			buildSettings = {
				ALWAYS_SEARCH_USER_PATHS = NO;
				CLANG_ANALYZER_NONNULL = YES;
				CLANG_ANALYZER_NUMBER_OBJECT_CONVERSION = YES_AGGRESSIVE;
				CLANG_CXX_LANGUAGE_STANDARD = "gnu++17";
				CLANG_ENABLE_MODULES = YES;
				CLANG_ENABLE_OBJC_ARC = YES;
				CLANG_ENABLE_OBJC_WEAK = YES;
				CLANG_WARN_BLOCK_CAPTURE_AUTORELEASING = YES;
				CLANG_WARN_BOOL_CONVERSION = YES;
				CLANG_WARN_COMMA = YES;
				CLANG_WARN_CONSTANT_CONVERSION = YES;
				CLANG_WARN_DEPRECATED_OBJC_IMPLEMENTATIONS = YES;
				CLANG_WARN_DIRECT_OBJC_ISA_USAGE = YES_ERROR;
				CLANG_WARN_DOCUMENTATION_COMMENTS = YES;
				CLANG_WARN_EMPTY_BODY = YES;
				CLANG_WARN_ENUM_CONVERSION = YES;
				CLANG_WARN_INFINITE_RECURSION = YES;
				CLANG_WARN_INT_CONVERSION = YES;
				CLANG_WARN_NON_LITERAL_NULL_CONVERSION = YES;
				CLANG_WARN_OBJC_IMPLICIT_RETAIN_SELF = YES;
				CLANG_WARN_OBJC_LITERAL_CONVERSION = YES;
				CLANG_WARN_OBJC_ROOT_CLASS = YES_ERROR;
				CLANG_WARN_QUOTED_INCLUDE_IN_FRAMEWORK_HEADER = YES;
				CLANG_WARN_RANGE_LOOP_ANALYSIS = YES;
				CLANG_WARN_STRICT_PROTOTYPES = YES;
				CLANG_WARN_SUSPICIOUS_MOVE = YES;
				CLANG_WARN_UNGUARDED_AVAILABILITY = YES_AGGRESSIVE;
				CLANG_WARN_UNREACHABLE_CODE = YES;
				CLANG_WARN__DUPLICATE_METHOD_MATCH = YES;
				COPY_PHASE_STRIP = NO;
				DEBUG_INFORMATION_FORMAT = dwarf;
				ENABLE_STRICT_OBJC_MSGSEND = YES;
				ENABLE_TESTABILITY = YES;
				GCC_C_LANGUAGE_STANDARD = gnu11;
				GCC_DYNAMIC_NO_PIC = NO;
				GCC_NO_COMMON_BLOCKS = YES;
				GCC_OPTIMIZATION_LEVEL = 0;
				GCC_PREPROCESSOR_DEFINITIONS = (
					"DEBUG=1",
					"$(inherited)",
				);
				GCC_WARN_64_TO_32_BIT_CONVERSION = YES;
				GCC_WARN_ABOUT_RETURN_TYPE = YES_ERROR;
				GCC_WARN_UNDECLARED_SELECTOR = YES;
				GCC_WARN_UNINITIALIZED_AUTOS = YES_AGGRESSIVE;
				GCC_WARN_UNUSED_FUNCTION = YES;
				GCC_WARN_UNUSED_VARIABLE = YES;
				IPHONEOS_DEPLOYMENT_TARGET = 15.5;
				MTL_ENABLE_DEBUG_INFO = INCLUDE_SOURCE;
				MTL_FAST_MATH = YES;
				ONLY_ACTIVE_ARCH = YES;
				SDKROOT = iphoneos;
				SWIFT_ACTIVE_COMPILATION_CONDITIONS = DEBUG;
				SWIFT_OPTIMIZATION_LEVEL = "-Onone";
			};
			name = Debug;
		};
		F463A5DC2887D28D0003B2A0 /* Release */ = {
			isa = XCBuildConfiguration;
			buildSettings = {
				ALWAYS_SEARCH_USER_PATHS = NO;
				CLANG_ANALYZER_NONNULL = YES;
				CLANG_ANALYZER_NUMBER_OBJECT_CONVERSION = YES_AGGRESSIVE;
				CLANG_CXX_LANGUAGE_STANDARD = "gnu++17";
				CLANG_ENABLE_MODULES = YES;
				CLANG_ENABLE_OBJC_ARC = YES;
				CLANG_ENABLE_OBJC_WEAK = YES;
				CLANG_WARN_BLOCK_CAPTURE_AUTORELEASING = YES;
				CLANG_WARN_BOOL_CONVERSION = YES;
				CLANG_WARN_COMMA = YES;
				CLANG_WARN_CONSTANT_CONVERSION = YES;
				CLANG_WARN_DEPRECATED_OBJC_IMPLEMENTATIONS = YES;
				CLANG_WARN_DIRECT_OBJC_ISA_USAGE = YES_ERROR;
				CLANG_WARN_DOCUMENTATION_COMMENTS = YES;
				CLANG_WARN_EMPTY_BODY = YES;
				CLANG_WARN_ENUM_CONVERSION = YES;
				CLANG_WARN_INFINITE_RECURSION = YES;
				CLANG_WARN_INT_CONVERSION = YES;
				CLANG_WARN_NON_LITERAL_NULL_CONVERSION = YES;
				CLANG_WARN_OBJC_IMPLICIT_RETAIN_SELF = YES;
				CLANG_WARN_OBJC_LITERAL_CONVERSION = YES;
				CLANG_WARN_OBJC_ROOT_CLASS = YES_ERROR;
				CLANG_WARN_QUOTED_INCLUDE_IN_FRAMEWORK_HEADER = YES;
				CLANG_WARN_RANGE_LOOP_ANALYSIS = YES;
				CLANG_WARN_STRICT_PROTOTYPES = YES;
				CLANG_WARN_SUSPICIOUS_MOVE = YES;
				CLANG_WARN_UNGUARDED_AVAILABILITY = YES_AGGRESSIVE;
				CLANG_WARN_UNREACHABLE_CODE = YES;
				CLANG_WARN__DUPLICATE_METHOD_MATCH = YES;
				COPY_PHASE_STRIP = NO;
				DEBUG_INFORMATION_FORMAT = "dwarf-with-dsym";
				ENABLE_NS_ASSERTIONS = NO;
				ENABLE_STRICT_OBJC_MSGSEND = YES;
				GCC_C_LANGUAGE_STANDARD = gnu11;
				GCC_NO_COMMON_BLOCKS = YES;
				GCC_WARN_64_TO_32_BIT_CONVERSION = YES;
				GCC_WARN_ABOUT_RETURN_TYPE = YES_ERROR;
				GCC_WARN_UNDECLARED_SELECTOR = YES;
				GCC_WARN_UNINITIALIZED_AUTOS = YES_AGGRESSIVE;
				GCC_WARN_UNUSED_FUNCTION = YES;
				GCC_WARN_UNUSED_VARIABLE = YES;
				IPHONEOS_DEPLOYMENT_TARGET = 15.5;
				MTL_ENABLE_DEBUG_INFO = NO;
				MTL_FAST_MATH = YES;
				SDKROOT = iphoneos;
				SWIFT_COMPILATION_MODE = wholemodule;
				SWIFT_OPTIMIZATION_LEVEL = "-O";
				VALIDATE_PRODUCT = YES;
			};
			name = Release;
		};
		F463A5DE2887D28D0003B2A0 /* Debug */ = {
			isa = XCBuildConfiguration;
			buildSettings = {
				ASSETCATALOG_COMPILER_APPICON_NAME = AppIcon;
				ASSETCATALOG_COMPILER_GLOBAL_ACCENT_COLOR_NAME = AccentColor;
				CODE_SIGN_STYLE = Automatic;
				CURRENT_PROJECT_VERSION = 1;
				DEVELOPMENT_TEAM = M526U856M5;
				GENERATE_INFOPLIST_FILE = YES;
				INFOPLIST_FILE = BookCollection/Info.plist;
				INFOPLIST_KEY_UIApplicationSupportsIndirectInputEvents = YES;
				INFOPLIST_KEY_UILaunchStoryboardName = LaunchScreen;
				INFOPLIST_KEY_UIMainStoryboardFile = BookCollection;
				INFOPLIST_KEY_UISupportedInterfaceOrientations_iPad = "UIInterfaceOrientationPortrait UIInterfaceOrientationPortraitUpsideDown UIInterfaceOrientationLandscapeLeft UIInterfaceOrientationLandscapeRight";
				INFOPLIST_KEY_UISupportedInterfaceOrientations_iPhone = "UIInterfaceOrientationPortrait UIInterfaceOrientationLandscapeLeft UIInterfaceOrientationLandscapeRight";
				IPHONEOS_DEPLOYMENT_TARGET = 15.0;
				LD_RUNPATH_SEARCH_PATHS = (
					"$(inherited)",
					"@executable_path/Frameworks",
				);
				MARKETING_VERSION = 1.0;
				PRODUCT_BUNDLE_IDENTIFIER = com.haha1haka.BookCollection;
				PRODUCT_NAME = "$(TARGET_NAME)";
				SWIFT_EMIT_LOC_STRINGS = YES;
				SWIFT_VERSION = 5.0;
				TARGETED_DEVICE_FAMILY = 1;
			};
			name = Debug;
		};
		F463A5DF2887D28D0003B2A0 /* Release */ = {
			isa = XCBuildConfiguration;
			buildSettings = {
				ASSETCATALOG_COMPILER_APPICON_NAME = AppIcon;
				ASSETCATALOG_COMPILER_GLOBAL_ACCENT_COLOR_NAME = AccentColor;
				CODE_SIGN_STYLE = Automatic;
				CURRENT_PROJECT_VERSION = 1;
				DEVELOPMENT_TEAM = M526U856M5;
				GENERATE_INFOPLIST_FILE = YES;
				INFOPLIST_FILE = BookCollection/Info.plist;
				INFOPLIST_KEY_UIApplicationSupportsIndirectInputEvents = YES;
				INFOPLIST_KEY_UILaunchStoryboardName = LaunchScreen;
				INFOPLIST_KEY_UIMainStoryboardFile = BookCollection;
				INFOPLIST_KEY_UISupportedInterfaceOrientations_iPad = "UIInterfaceOrientationPortrait UIInterfaceOrientationPortraitUpsideDown UIInterfaceOrientationLandscapeLeft UIInterfaceOrientationLandscapeRight";
				INFOPLIST_KEY_UISupportedInterfaceOrientations_iPhone = "UIInterfaceOrientationPortrait UIInterfaceOrientationLandscapeLeft UIInterfaceOrientationLandscapeRight";
				IPHONEOS_DEPLOYMENT_TARGET = 15.0;
				LD_RUNPATH_SEARCH_PATHS = (
					"$(inherited)",
					"@executable_path/Frameworks",
				);
				MARKETING_VERSION = 1.0;
				PRODUCT_BUNDLE_IDENTIFIER = com.haha1haka.BookCollection;
				PRODUCT_NAME = "$(TARGET_NAME)";
				SWIFT_EMIT_LOC_STRINGS = YES;
				SWIFT_VERSION = 5.0;
				TARGETED_DEVICE_FAMILY = 1;
			};
			name = Release;
		};
/* End XCBuildConfiguration section */

/* Begin XCConfigurationList section */
		F463A5C42887D28C0003B2A0 /* Build configuration list for PBXProject "BookCollection" */ = {
			isa = XCConfigurationList;
			buildConfigurations = (
				F463A5DB2887D28D0003B2A0 /* Debug */,
				F463A5DC2887D28D0003B2A0 /* Release */,
			);
			defaultConfigurationIsVisible = 0;
			defaultConfigurationName = Release;
		};
		F463A5DD2887D28D0003B2A0 /* Build configuration list for PBXNativeTarget "BookCollection" */ = {
			isa = XCConfigurationList;
			buildConfigurations = (
				F463A5DE2887D28D0003B2A0 /* Debug */,
				F463A5DF2887D28D0003B2A0 /* Release */,
			);
			defaultConfigurationIsVisible = 0;
			defaultConfigurationName = Release;
		};
/* End XCConfigurationList section */
	};
	rootObject = F463A5C12887D28C0003B2A0 /* Project object */;
}
