// !$*UTF8*$!
{
	archiveVersion = 1;
	classes = {
	};
	objectVersion = 55;
	objects = {

/* Begin PBXBuildFile section */
		F43A4F962877B5D80033FB0C /* Github.swift in Sources */ = {isa = PBXBuildFile; fileRef = F43A4F952877B5D80033FB0C /* Github.swift */; };
		F4AF0F3C287705BB00429C23 /* AppDelegate.swift in Sources */ = {isa = PBXBuildFile; fileRef = F4AF0F3B287705BB00429C23 /* AppDelegate.swift */; };
		F4AF0F3E287705BB00429C23 /* SceneDelegate.swift in Sources */ = {isa = PBXBuildFile; fileRef = F4AF0F3D287705BB00429C23 /* SceneDelegate.swift */; };
		F4AF0F40287705BB00429C23 /* ViewController.swift in Sources */ = {isa = PBXBuildFile; fileRef = F4AF0F3F287705BB00429C23 /* ViewController.swift */; };
		F4AF0F43287705BB00429C23 /* Main.storyboard in Resources */ = {isa = PBXBuildFile; fileRef = F4AF0F41287705BB00429C23 /* Main.storyboard */; };
		F4AF0F45287705BB00429C23 /* Assets.xcassets in Resources */ = {isa = PBXBuildFile; fileRef = F4AF0F44287705BB00429C23 /* Assets.xcassets */; };
		F4AF0F48287705BB00429C23 /* LaunchScreen.storyboard in Resources */ = {isa = PBXBuildFile; fileRef = F4AF0F46287705BB00429C23 /* LaunchScreen.storyboard */; };
		F4AF0F5028770C5900429C23 /* NeflixViewController.swift in Sources */ = {isa = PBXBuildFile; fileRef = F4AF0F4F28770C5900429C23 /* NeflixViewController.swift */; };
		F4E3FA95287B095000B39622 /* PlayerViewController.swift in Sources */ = {isa = PBXBuildFile; fileRef = F4E3FA94287B095000B39622 /* PlayerViewController.swift */; };
/* End PBXBuildFile section */

/* Begin PBXFileReference section */
		F43A4F952877B5D80033FB0C /* Github.swift */ = {isa = PBXFileReference; lastKnownFileType = sourcecode.swift; path = Github.swift; sourceTree = "<group>"; };
		F43A4F992877D8930033FB0C /* Info.plist */ = {isa = PBXFileReference; lastKnownFileType = text.plist; name = Info.plist; path = ../../../../../../.Trash/Info.plist; sourceTree = "<group>"; };
		F4AF0F38287705BB00429C23 /* Bamin.app */ = {isa = PBXFileReference; explicitFileType = wrapper.application; includeInIndex = 0; path = Bamin.app; sourceTree = BUILT_PRODUCTS_DIR; };
		F4AF0F3B287705BB00429C23 /* AppDelegate.swift */ = {isa = PBXFileReference; lastKnownFileType = sourcecode.swift; path = AppDelegate.swift; sourceTree = "<group>"; };
		F4AF0F3D287705BB00429C23 /* SceneDelegate.swift */ = {isa = PBXFileReference; lastKnownFileType = sourcecode.swift; path = SceneDelegate.swift; sourceTree = "<group>"; };
		F4AF0F3F287705BB00429C23 /* ViewController.swift */ = {isa = PBXFileReference; lastKnownFileType = sourcecode.swift; path = ViewController.swift; sourceTree = "<group>"; };
		F4AF0F42287705BB00429C23 /* Base */ = {isa = PBXFileReference; lastKnownFileType = file.storyboard; name = Base; path = Base.lproj/Main.storyboard; sourceTree = "<group>"; };
		F4AF0F44287705BB00429C23 /* Assets.xcassets */ = {isa = PBXFileReference; lastKnownFileType = folder.assetcatalog; path = Assets.xcassets; sourceTree = "<group>"; };
		F4AF0F47287705BB00429C23 /* Base */ = {isa = PBXFileReference; lastKnownFileType = file.storyboard; name = Base; path = Base.lproj/LaunchScreen.storyboard; sourceTree = "<group>"; };
		F4AF0F4F28770C5900429C23 /* NeflixViewController.swift */ = {isa = PBXFileReference; lastKnownFileType = sourcecode.swift; path = NeflixViewController.swift; sourceTree = "<group>"; };
		F4E3FA94287B095000B39622 /* PlayerViewController.swift */ = {isa = PBXFileReference; lastKnownFileType = sourcecode.swift; path = PlayerViewController.swift; sourceTree = "<group>"; };
/* End PBXFileReference section */

/* Begin PBXFrameworksBuildPhase section */
		F4AF0F35287705BB00429C23 /* Frameworks */ = {
			isa = PBXFrameworksBuildPhase;
			buildActionMask = 2147483647;
			files = (
			);
			runOnlyForDeploymentPostprocessing = 0;
		};
/* End PBXFrameworksBuildPhase section */

/* Begin PBXGroup section */
		F4AF0F2F287705BB00429C23 = {
			isa = PBXGroup;
			children = (
				F4AF0F3A287705BB00429C23 /* Week1_NetflixAndBamin */,
				F4AF0F39287705BB00429C23 /* Products */,
			);
			sourceTree = "<group>";
		};
		F4AF0F39287705BB00429C23 /* Products */ = {
			isa = PBXGroup;
			children = (
				F4AF0F38287705BB00429C23 /* Bamin.app */,
			);
			name = Products;
			sourceTree = "<group>";
		};
		F4AF0F3A287705BB00429C23 /* Week1_NetflixAndBamin */ = {
			isa = PBXGroup;
			children = (
				F4AF0F3B287705BB00429C23 /* AppDelegate.swift */,
				F4AF0F3D287705BB00429C23 /* SceneDelegate.swift */,
				F4AF0F3F287705BB00429C23 /* ViewController.swift */,
				F4AF0F41287705BB00429C23 /* Main.storyboard */,
				F4AF0F4F28770C5900429C23 /* NeflixViewController.swift */,
				F4E3FA94287B095000B39622 /* PlayerViewController.swift */,
				F43A4F952877B5D80033FB0C /* Github.swift */,
				F4AF0F44287705BB00429C23 /* Assets.xcassets */,
				F4AF0F46287705BB00429C23 /* LaunchScreen.storyboard */,
				F43A4F992877D8930033FB0C /* Info.plist */,
			);
			path = Week1_NetflixAndBamin;
			sourceTree = "<group>";
		};
/* End PBXGroup section */

/* Begin PBXNativeTarget section */
		F4AF0F37287705BB00429C23 /* Bamin */ = {
			isa = PBXNativeTarget;
			buildConfigurationList = F4AF0F4C287705BB00429C23 /* Build configuration list for PBXNativeTarget "Bamin" */;
			buildPhases = (
				F4AF0F34287705BB00429C23 /* Sources */,
				F4AF0F35287705BB00429C23 /* Frameworks */,
				F4AF0F36287705BB00429C23 /* Resources */,
			);
			buildRules = (
			);
			dependencies = (
			);
			name = Bamin;
			productName = Week1_NetflixAndBamin;
			productReference = F4AF0F38287705BB00429C23 /* Bamin.app */;
			productType = "com.apple.product-type.application";
		};
/* End PBXNativeTarget section */

/* Begin PBXProject section */
		F4AF0F30287705BB00429C23 /* Project object */ = {
			isa = PBXProject;
			attributes = {
				BuildIndependentTargetsInParallel = 1;
				LastSwiftUpdateCheck = 1340;
				LastUpgradeCheck = 1340;
				TargetAttributes = {
					F4AF0F37287705BB00429C23 = {
						CreatedOnToolsVersion = 13.4.1;
					};
				};
			};
			buildConfigurationList = F4AF0F33287705BB00429C23 /* Build configuration list for PBXProject "Bamin" */;
			compatibilityVersion = "Xcode 13.0";
			developmentRegion = en;
			hasScannedForEncodings = 0;
			knownRegions = (
				en,
				Base,
			);
			mainGroup = F4AF0F2F287705BB00429C23;
			productRefGroup = F4AF0F39287705BB00429C23 /* Products */;
			projectDirPath = "";
			projectRoot = "";
			targets = (
				F4AF0F37287705BB00429C23 /* Bamin */,
			);
		};
/* End PBXProject section */

/* Begin PBXResourcesBuildPhase section */
		F4AF0F36287705BB00429C23 /* Resources */ = {
			isa = PBXResourcesBuildPhase;
			buildActionMask = 2147483647;
			files = (
				F4AF0F48287705BB00429C23 /* LaunchScreen.storyboard in Resources */,
				F4AF0F45287705BB00429C23 /* Assets.xcassets in Resources */,
				F4AF0F43287705BB00429C23 /* Main.storyboard in Resources */,
			);
			runOnlyForDeploymentPostprocessing = 0;
		};
/* End PBXResourcesBuildPhase section */

/* Begin PBXSourcesBuildPhase section */
		F4AF0F34287705BB00429C23 /* Sources */ = {
			isa = PBXSourcesBuildPhase;
			buildActionMask = 2147483647;
			files = (
				F4AF0F40287705BB00429C23 /* ViewController.swift in Sources */,
				F4AF0F3C287705BB00429C23 /* AppDelegate.swift in Sources */,
				F43A4F962877B5D80033FB0C /* Github.swift in Sources */,
				F4AF0F5028770C5900429C23 /* NeflixViewController.swift in Sources */,
				F4AF0F3E287705BB00429C23 /* SceneDelegate.swift in Sources */,
				F4E3FA95287B095000B39622 /* PlayerViewController.swift in Sources */,
			);
			runOnlyForDeploymentPostprocessing = 0;
		};
/* End PBXSourcesBuildPhase section */

/* Begin PBXVariantGroup section */
		F4AF0F41287705BB00429C23 /* Main.storyboard */ = {
			isa = PBXVariantGroup;
			children = (
				F4AF0F42287705BB00429C23 /* Base */,
			);
			name = Main.storyboard;
			sourceTree = "<group>";
		};
		F4AF0F46287705BB00429C23 /* LaunchScreen.storyboard */ = {
			isa = PBXVariantGroup;
			children = (
				F4AF0F47287705BB00429C23 /* Base */,
			);
			name = LaunchScreen.storyboard;
			sourceTree = "<group>";
		};
/* End PBXVariantGroup section */

/* Begin XCBuildConfiguration section */
		F4AF0F4A287705BB00429C23 /* Debug */ = {
			isa = XCBuildConfiguration;
			buildSettings = {
				ALWAYS_SEARCH_USER_PATHS = NO;
				CLANG_ANALYZER_NONNULL = YES;
				CLANG_ANALYZER_NUMBER_OBJECT_CONVERSION = YES_AGGRESSIVE;
				CLANG_CXX_LANGUAGE_STANDARD = "gnu++17";
				CLANG_ENABLE_MODULES = YES;
				CLANG_ENABLE_OBJC_ARC = YES;
				CLANG_ENABLE_OBJC_WEAK = YES;
				CLANG_WARN_BLOCK_CAPTURE_AUTORELEASING = YES;
				CLANG_WARN_BOOL_CONVERSION = YES;
				CLANG_WARN_COMMA = YES;
				CLANG_WARN_CONSTANT_CONVERSION = YES;
				CLANG_WARN_DEPRECATED_OBJC_IMPLEMENTATIONS = YES;
				CLANG_WARN_DIRECT_OBJC_ISA_USAGE = YES_ERROR;
				CLANG_WARN_DOCUMENTATION_COMMENTS = YES;
				CLANG_WARN_EMPTY_BODY = YES;
				CLANG_WARN_ENUM_CONVERSION = YES;
				CLANG_WARN_INFINITE_RECURSION = YES;
				CLANG_WARN_INT_CONVERSION = YES;
				CLANG_WARN_NON_LITERAL_NULL_CONVERSION = YES;
				CLANG_WARN_OBJC_IMPLICIT_RETAIN_SELF = YES;
				CLANG_WARN_OBJC_LITERAL_CONVERSION = YES;
				CLANG_WARN_OBJC_ROOT_CLASS = YES_ERROR;
				CLANG_WARN_QUOTED_INCLUDE_IN_FRAMEWORK_HEADER = YES;
				CLANG_WARN_RANGE_LOOP_ANALYSIS = YES;
				CLANG_WARN_STRICT_PROTOTYPES = YES;
				CLANG_WARN_SUSPICIOUS_MOVE = YES;
				CLANG_WARN_UNGUARDED_AVAILABILITY = YES_AGGRESSIVE;
				CLANG_WARN_UNREACHABLE_CODE = YES;
				CLANG_WARN__DUPLICATE_METHOD_MATCH = YES;
				COPY_PHASE_STRIP = NO;
				DEBUG_INFORMATION_FORMAT = dwarf;
				ENABLE_STRICT_OBJC_MSGSEND = YES;
				ENABLE_TESTABILITY = YES;
				GCC_C_LANGUAGE_STANDARD = gnu11;
				GCC_DYNAMIC_NO_PIC = NO;
				GCC_NO_COMMON_BLOCKS = YES;
				GCC_OPTIMIZATION_LEVEL = 0;
				GCC_PREPROCESSOR_DEFINITIONS = (
					"DEBUG=1",
					"$(inherited)",
				);
				GCC_WARN_64_TO_32_BIT_CONVERSION = YES;
				GCC_WARN_ABOUT_RETURN_TYPE = YES_ERROR;
				GCC_WARN_UNDECLARED_SELECTOR = YES;
				GCC_WARN_UNINITIALIZED_AUTOS = YES_AGGRESSIVE;
				GCC_WARN_UNUSED_FUNCTION = YES;
				GCC_WARN_UNUSED_VARIABLE = YES;
				IPHONEOS_DEPLOYMENT_TARGET = 15.5;
				MTL_ENABLE_DEBUG_INFO = INCLUDE_SOURCE;
				MTL_FAST_MATH = YES;
				ONLY_ACTIVE_ARCH = YES;
				SDKROOT = iphoneos;
				SWIFT_ACTIVE_COMPILATION_CONDITIONS = DEBUG;
				SWIFT_OPTIMIZATION_LEVEL = "-Onone";
			};
			name = Debug;
		};
		F4AF0F4B287705BB00429C23 /* Release */ = {
			isa = XCBuildConfiguration;
			buildSettings = {
				ALWAYS_SEARCH_USER_PATHS = NO;
				CLANG_ANALYZER_NONNULL = YES;
				CLANG_ANALYZER_NUMBER_OBJECT_CONVERSION = YES_AGGRESSIVE;
				CLANG_CXX_LANGUAGE_STANDARD = "gnu++17";
				CLANG_ENABLE_MODULES = YES;
				CLANG_ENABLE_OBJC_ARC = YES;
				CLANG_ENABLE_OBJC_WEAK = YES;
				CLANG_WARN_BLOCK_CAPTURE_AUTORELEASING = YES;
				CLANG_WARN_BOOL_CONVERSION = YES;
				CLANG_WARN_COMMA = YES;
				CLANG_WARN_CONSTANT_CONVERSION = YES;
				CLANG_WARN_DEPRECATED_OBJC_IMPLEMENTATIONS = YES;
				CLANG_WARN_DIRECT_OBJC_ISA_USAGE = YES_ERROR;
				CLANG_WARN_DOCUMENTATION_COMMENTS = YES;
				CLANG_WARN_EMPTY_BODY = YES;
				CLANG_WARN_ENUM_CONVERSION = YES;
				CLANG_WARN_INFINITE_RECURSION = YES;
				CLANG_WARN_INT_CONVERSION = YES;
				CLANG_WARN_NON_LITERAL_NULL_CONVERSION = YES;
				CLANG_WARN_OBJC_IMPLICIT_RETAIN_SELF = YES;
				CLANG_WARN_OBJC_LITERAL_CONVERSION = YES;
				CLANG_WARN_OBJC_ROOT_CLASS = YES_ERROR;
				CLANG_WARN_QUOTED_INCLUDE_IN_FRAMEWORK_HEADER = YES;
				CLANG_WARN_RANGE_LOOP_ANALYSIS = YES;
				CLANG_WARN_STRICT_PROTOTYPES = YES;
				CLANG_WARN_SUSPICIOUS_MOVE = YES;
				CLANG_WARN_UNGUARDED_AVAILABILITY = YES_AGGRESSIVE;
				CLANG_WARN_UNREACHABLE_CODE = YES;
				CLANG_WARN__DUPLICATE_METHOD_MATCH = YES;
				COPY_PHASE_STRIP = NO;
				DEBUG_INFORMATION_FORMAT = "dwarf-with-dsym";
				ENABLE_NS_ASSERTIONS = NO;
				ENABLE_STRICT_OBJC_MSGSEND = YES;
				GCC_C_LANGUAGE_STANDARD = gnu11;
				GCC_NO_COMMON_BLOCKS = YES;
				GCC_WARN_64_TO_32_BIT_CONVERSION = YES;
				GCC_WARN_ABOUT_RETURN_TYPE = YES_ERROR;
				GCC_WARN_UNDECLARED_SELECTOR = YES;
				GCC_WARN_UNINITIALIZED_AUTOS = YES_AGGRESSIVE;
				GCC_WARN_UNUSED_FUNCTION = YES;
				GCC_WARN_UNUSED_VARIABLE = YES;
				IPHONEOS_DEPLOYMENT_TARGET = 15.5;
				MTL_ENABLE_DEBUG_INFO = NO;
				MTL_FAST_MATH = YES;
				SDKROOT = iphoneos;
				SWIFT_COMPILATION_MODE = wholemodule;
				SWIFT_OPTIMIZATION_LEVEL = "-O";
				VALIDATE_PRODUCT = YES;
			};
			name = Release;
		};
		F4AF0F4D287705BB00429C23 /* Debug */ = {
			isa = XCBuildConfiguration;
			buildSettings = {
				ASSETCATALOG_COMPILER_APPICON_NAME = AppIcon;
				ASSETCATALOG_COMPILER_GLOBAL_ACCENT_COLOR_NAME = AccentColor;
				CODE_SIGN_STYLE = Automatic;
				CURRENT_PROJECT_VERSION = 1;
				DEVELOPMENT_TEAM = M526U856M5;
				GENERATE_INFOPLIST_FILE = YES;
				INFOPLIST_FILE = Week1_NetflixAndBamin/Info.plist;
				INFOPLIST_KEY_UIApplicationSupportsIndirectInputEvents = YES;
				INFOPLIST_KEY_UILaunchStoryboardName = LaunchScreen;
				INFOPLIST_KEY_UIMainStoryboardFile = Main;
				INFOPLIST_KEY_UISupportedInterfaceOrientations_iPad = "UIInterfaceOrientationPortrait UIInterfaceOrientationPortraitUpsideDown UIInterfaceOrientationLandscapeLeft UIInterfaceOrientationLandscapeRight";
				INFOPLIST_KEY_UISupportedInterfaceOrientations_iPhone = "UIInterfaceOrientationPortrait UIInterfaceOrientationLandscapeLeft UIInterfaceOrientationLandscapeRight";
				IPHONEOS_DEPLOYMENT_TARGET = 14.0;
				LD_RUNPATH_SEARCH_PATHS = (
					"$(inherited)",
					"@executable_path/Frameworks",
				);
				MARKETING_VERSION = 1.0;
				PRODUCT_BUNDLE_IDENTIFIER = "com.haha1haka.Week1-NetflixAndBamin";
				PRODUCT_NAME = "$(TARGET_NAME)";
				SWIFT_EMIT_LOC_STRINGS = YES;
				SWIFT_VERSION = 5.0;
				TARGETED_DEVICE_FAMILY = 1;
			};
			name = Debug;
		};
		F4AF0F4E287705BB00429C23 /* Release */ = {
			isa = XCBuildConfiguration;
			buildSettings = {
				ASSETCATALOG_COMPILER_APPICON_NAME = AppIcon;
				ASSETCATALOG_COMPILER_GLOBAL_ACCENT_COLOR_NAME = AccentColor;
				CODE_SIGN_STYLE = Automatic;
				CURRENT_PROJECT_VERSION = 1;
				DEVELOPMENT_TEAM = M526U856M5;
				GENERATE_INFOPLIST_FILE = YES;
				INFOPLIST_FILE = Week1_NetflixAndBamin/Info.plist;
				INFOPLIST_KEY_UIApplicationSupportsIndirectInputEvents = YES;
				INFOPLIST_KEY_UILaunchStoryboardName = LaunchScreen;
				INFOPLIST_KEY_UIMainStoryboardFile = Main;
				INFOPLIST_KEY_UISupportedInterfaceOrientations_iPad = "UIInterfaceOrientationPortrait UIInterfaceOrientationPortraitUpsideDown UIInterfaceOrientationLandscapeLeft UIInterfaceOrientationLandscapeRight";
				INFOPLIST_KEY_UISupportedInterfaceOrientations_iPhone = "UIInterfaceOrientationPortrait UIInterfaceOrientationLandscapeLeft UIInterfaceOrientationLandscapeRight";
				IPHONEOS_DEPLOYMENT_TARGET = 14.0;
				LD_RUNPATH_SEARCH_PATHS = (
					"$(inherited)",
					"@executable_path/Frameworks",
				);
				MARKETING_VERSION = 1.0;
				PRODUCT_BUNDLE_IDENTIFIER = "com.haha1haka.Week1-NetflixAndBamin";
				PRODUCT_NAME = "$(TARGET_NAME)";
				SWIFT_EMIT_LOC_STRINGS = YES;
				SWIFT_VERSION = 5.0;
				TARGETED_DEVICE_FAMILY = 1;
			};
			name = Release;
		};
/* End XCBuildConfiguration section */

/* Begin XCConfigurationList section */
		F4AF0F33287705BB00429C23 /* Build configuration list for PBXProject "Bamin" */ = {
			isa = XCConfigurationList;
			buildConfigurations = (
				F4AF0F4A287705BB00429C23 /* Debug */,
				F4AF0F4B287705BB00429C23 /* Release */,
			);
			defaultConfigurationIsVisible = 0;
			defaultConfigurationName = Release;
		};
		F4AF0F4C287705BB00429C23 /* Build configuration list for PBXNativeTarget "Bamin" */ = {
			isa = XCConfigurationList;
			buildConfigurations = (
				F4AF0F4D287705BB00429C23 /* Debug */,
				F4AF0F4E287705BB00429C23 /* Release */,
			);
			defaultConfigurationIsVisible = 0;
			defaultConfigurationName = Release;
		};
/* End XCConfigurationList section */
	};
	rootObject = F4AF0F30287705BB00429C23 /* Project object */;
}
